// !$*UTF8*$!
{
	archiveVersion = 1;
	classes = {
	};
	objectVersion = 46;
	objects = {

/* Begin PBXBuildFile section */
		1C45EE56152AECAB00EFB356 /* MainMenu.xib in Resources */ = {isa = PBXBuildFile; fileRef = 1C45EE45152AECAB00EFB356 /* MainMenu.xib */; };
		1C45EE57152AECAB00EFB356 /* OOInjectorHelper.m in Sources */ = {isa = PBXBuildFile; fileRef = 1C45EE49152AECAB00EFB356 /* OOInjectorHelper.m */; };
		1C45EE59152AECAB00EFB356 /* main.m in Sources */ = {isa = PBXBuildFile; fileRef = 1C45EE4C152AECAB00EFB356 /* main.m */; };
		1C45EE5A152AECAB00EFB356 /* AppDelegate.m in Sources */ = {isa = PBXBuildFile; fileRef = 1C45EE4E152AECAB00EFB356 /* AppDelegate.m */; };
		1C7863081566919800F7D2F5 /* infinite-app-icon.icns in Resources */ = {isa = PBXBuildFile; fileRef = 1C7862C51566919800F7D2F5 /* infinite-app-icon.icns */; };
		1C7863401566919800F7D2F5 /* 19px-active.png in Resources */ = {isa = PBXBuildFile; fileRef = 1C7863011566919800F7D2F5 /* 19px-active.png */; };
		1C7863411566919800F7D2F5 /* 19px-inactive.png in Resources */ = {isa = PBXBuildFile; fileRef = 1C7863021566919800F7D2F5 /* 19px-inactive.png */; };
		1C7863421566919800F7D2F5 /* 19px-notification-blue.png in Resources */ = {isa = PBXBuildFile; fileRef = 1C7863031566919800F7D2F5 /* 19px-notification-blue.png */; };
		1C7863431566919800F7D2F5 /* 19px-notification-red.png in Resources */ = {isa = PBXBuildFile; fileRef = 1C7863041566919800F7D2F5 /* 19px-notification-red.png */; };
		1C7863441566919800F7D2F5 /* 19px-pending-anim-black.gif in Resources */ = {isa = PBXBuildFile; fileRef = 1C7863051566919800F7D2F5 /* 19px-pending-anim-black.gif */; };
		1C7863451566919800F7D2F5 /* 19px-pending-anim-blue.gif in Resources */ = {isa = PBXBuildFile; fileRef = 1C7863061566919800F7D2F5 /* 19px-pending-anim-blue.gif */; };
		1C7863461566919800F7D2F5 /* 19px-pending-anim-red.gif in Resources */ = {isa = PBXBuildFile; fileRef = 1C7863071566919800F7D2F5 /* 19px-pending-anim-red.gif */; };
		1CB4FB751528EDA100DDEC99 /* io.infinit.FinderDopant.bundle in CopyFiles */ = {isa = PBXBuildFile; fileRef = 1CD297041528D28A006D1A4C /* io.infinit.FinderDopant.bundle */; };
		1CB4FB761528EDA100DDEC99 /* io.infinit.Nurse.helper in CopyFiles */ = {isa = PBXBuildFile; fileRef = 1CD297061528D28A006D1A4C /* io.infinit.Nurse.helper */; };
		1CB4FB7D1528EDEB00DDEC99 /* mach_inject_bundle_stub.bundle in CopyFiles */ = {isa = PBXBuildFile; fileRef = 1CB4FB7C1528EDDA00DDEC99 /* mach_inject_bundle_stub.bundle */; };
		1CC381E715669DB200EA4FAB /* 1.png in Resources */ = {isa = PBXBuildFile; fileRef = 1C7862C91566919800F7D2F5 /* 1.png */; };
		1CC381E815669DB200EA4FAB /* 10.png in Resources */ = {isa = PBXBuildFile; fileRef = 1C7862CA1566919800F7D2F5 /* 10.png */; };
		1CC381E915669DB200EA4FAB /* 11.png in Resources */ = {isa = PBXBuildFile; fileRef = 1C7862CB1566919800F7D2F5 /* 11.png */; };
		1CC381EA15669DB200EA4FAB /* 12.png in Resources */ = {isa = PBXBuildFile; fileRef = 1C7862CC1566919800F7D2F5 /* 12.png */; };
		1CC381EB15669DB200EA4FAB /* 13.png in Resources */ = {isa = PBXBuildFile; fileRef = 1C7862CD1566919800F7D2F5 /* 13.png */; };
		1CC381EC15669DB200EA4FAB /* 14.png in Resources */ = {isa = PBXBuildFile; fileRef = 1C7862CE1566919800F7D2F5 /* 14.png */; };
		1CC381ED15669DB200EA4FAB /* 15.png in Resources */ = {isa = PBXBuildFile; fileRef = 1C7862CF1566919800F7D2F5 /* 15.png */; };
		1CC381EE15669DB200EA4FAB /* 16.png in Resources */ = {isa = PBXBuildFile; fileRef = 1C7862D01566919800F7D2F5 /* 16.png */; };
		1CC381EF15669DB200EA4FAB /* 17.png in Resources */ = {isa = PBXBuildFile; fileRef = 1C7862D11566919800F7D2F5 /* 17.png */; };
		1CC381F015669DB200EA4FAB /* 18.png in Resources */ = {isa = PBXBuildFile; fileRef = 1C7862D21566919800F7D2F5 /* 18.png */; };
		1CC381F115669DB200EA4FAB /* 2.png in Resources */ = {isa = PBXBuildFile; fileRef = 1C7862D31566919800F7D2F5 /* 2.png */; };
		1CC381F215669DB200EA4FAB /* 3.png in Resources */ = {isa = PBXBuildFile; fileRef = 1C7862D41566919800F7D2F5 /* 3.png */; };
		1CC381F315669DB200EA4FAB /* 4.png in Resources */ = {isa = PBXBuildFile; fileRef = 1C7862D51566919800F7D2F5 /* 4.png */; };
		1CC381F415669DB200EA4FAB /* 5.png in Resources */ = {isa = PBXBuildFile; fileRef = 1C7862D61566919800F7D2F5 /* 5.png */; };
		1CC381F515669DB200EA4FAB /* 6.png in Resources */ = {isa = PBXBuildFile; fileRef = 1C7862D71566919800F7D2F5 /* 6.png */; };
		1CC381F615669DB200EA4FAB /* 7.png in Resources */ = {isa = PBXBuildFile; fileRef = 1C7862D81566919800F7D2F5 /* 7.png */; };
		1CC381F715669DB200EA4FAB /* 8.png in Resources */ = {isa = PBXBuildFile; fileRef = 1C7862D91566919800F7D2F5 /* 8.png */; };
		1CC381F815669DB200EA4FAB /* 9.png in Resources */ = {isa = PBXBuildFile; fileRef = 1C7862DA1566919800F7D2F5 /* 9.png */; };
		1CD332EB1553E13F00930842 /* infinite-app-icon.icns in Resources */ = {isa = PBXBuildFile; fileRef = 1CD332EA1553E13F00930842 /* infinite-app-icon.icns */; };
		1CD5C4411552989B00556CC9 /* Cocoa.framework in Frameworks */ = {isa = PBXBuildFile; fileRef = 1C9B30BD15529790001EA6EA /* Cocoa.framework */; };
		1CD5C44C1552A80C00556CC9 /* Preferences.xib in Resources */ = {isa = PBXBuildFile; fileRef = 1CD5C44B1552A80C00556CC9 /* Preferences.xib */; };
		1CD5C44F1552AFCB00556CC9 /* PreferencesWindowsController.m in Sources */ = {isa = PBXBuildFile; fileRef = 1CD5C44E1552AFCB00556CC9 /* PreferencesWindowsController.m */; };
		1CD5C4631552EC9200556CC9 /* pref_tab_conversions.png in Resources */ = {isa = PBXBuildFile; fileRef = 1CD5C4591552EC9200556CC9 /* pref_tab_conversions.png */; };
		1CD5C4641552EC9200556CC9 /* pref_tab_disk_space.png in Resources */ = {isa = PBXBuildFile; fileRef = 1CD5C45A1552EC9200556CC9 /* pref_tab_disk_space.png */; };
		1CD5C4651552EC9200556CC9 /* pref_tab_downloads.png in Resources */ = {isa = PBXBuildFile; fileRef = 1CD5C45B1552EC9200556CC9 /* pref_tab_downloads.png */; };
		1CD5C4661552EC9200556CC9 /* pref_tab_extensions.png in Resources */ = {isa = PBXBuildFile; fileRef = 1CD5C45C1552EC9200556CC9 /* pref_tab_extensions.png */; };
		1CD5C4671552EC9200556CC9 /* pref_tab_feeds.png in Resources */ = {isa = PBXBuildFile; fileRef = 1CD5C45D1552EC9200556CC9 /* pref_tab_feeds.png */; };
		1CD5C4681552EC9200556CC9 /* pref_tab_folders.png in Resources */ = {isa = PBXBuildFile; fileRef = 1CD5C45E1552EC9200556CC9 /* pref_tab_folders.png */; };
		1CD5C4691552EC9200556CC9 /* pref_tab_general.png in Resources */ = {isa = PBXBuildFile; fileRef = 1CD5C45F1552EC9200556CC9 /* pref_tab_general.png */; };
		1CD5C46A1552EC9200556CC9 /* pref_tab_playback.png in Resources */ = {isa = PBXBuildFile; fileRef = 1CD5C4601552EC9200556CC9 /* pref_tab_playback.png */; };
		1CD5C46B1552EC9200556CC9 /* pref_tab_sharing.png in Resources */ = {isa = PBXBuildFile; fileRef = 1CD5C4611552EC9200556CC9 /* pref_tab_sharing.png */; };
		1CD5C46C1552EC9200556CC9 /* pref_tab_stores.png in Resources */ = {isa = PBXBuildFile; fileRef = 1CD5C4621552EC9200556CC9 /* pref_tab_stores.png */; };
		1CDABDA315502B3200F8097E /* infinite-app-icon.icns in Resources */ = {isa = PBXBuildFile; fileRef = 1CDABDA115502B3200F8097E /* infinite-app-icon.icns */; };
		3667200E150BE370002A595A /* ServiceManagement.framework in Frameworks */ = {isa = PBXBuildFile; fileRef = 367B0EBA14FFB70200AC66A2 /* ServiceManagement.framework */; };
		3667200F150BE372002A595A /* Security.framework in Frameworks */ = {isa = PBXBuildFile; fileRef = 367B0EB714FFB6F100AC66A2 /* Security.framework */; };
/* End PBXBuildFile section */

/* Begin PBXContainerItemProxy section */
		1C99E16E155AAC7B00426951 /* PBXContainerItemProxy */ = {
			isa = PBXContainerItemProxy;
			containerPortal = 1CD296FA1528D289006D1A4C /* medecine.xcodeproj */;
			proxyType = 1;
			remoteGlobalIDString = 367BCFF514FE6F4600B41298;
			remoteInfo = FinderDopant;
		};
		1C99E170155AAC7B00426951 /* PBXContainerItemProxy */ = {
			isa = PBXContainerItemProxy;
			containerPortal = 1CD296FA1528D289006D1A4C /* medecine.xcodeproj */;
			proxyType = 1;
			remoteGlobalIDString = 3661644515011A08008A1425;
			remoteInfo = Nurse;
		};
		1C99E172155AAC7B00426951 /* PBXContainerItemProxy */ = {
			isa = PBXContainerItemProxy;
			containerPortal = 1CB4FB771528EDDA00DDEC99 /* needle.xcodeproj */;
			proxyType = 1;
			remoteGlobalIDString = 8D01CCC60486CAD60068D4B7;
			remoteInfo = mach_inject_bundle_stub;
		};
		1CB4FB7B1528EDDA00DDEC99 /* PBXContainerItemProxy */ = {
			isa = PBXContainerItemProxy;
			containerPortal = 1CB4FB771528EDDA00DDEC99 /* needle.xcodeproj */;
			proxyType = 2;
			remoteGlobalIDString = 8D01CCD20486CAD60068D4B7;
			remoteInfo = mach_inject_bundle_stub;
		};
		1CD297031528D28A006D1A4C /* PBXContainerItemProxy */ = {
			isa = PBXContainerItemProxy;
			containerPortal = 1CD296FA1528D289006D1A4C /* medecine.xcodeproj */;
			proxyType = 2;
			remoteGlobalIDString = 367BCFF614FE6F4600B41298;
			remoteInfo = FinderInjectee;
		};
		1CD297051528D28A006D1A4C /* PBXContainerItemProxy */ = {
			isa = PBXContainerItemProxy;
			containerPortal = 1CD296FA1528D289006D1A4C /* medecine.xcodeproj */;
			proxyType = 2;
			remoteGlobalIDString = 3661644615011A08008A1425;
			remoteInfo = HelperTools;
		};
/* End PBXContainerItemProxy section */

/* Begin PBXCopyFilesBuildPhase section */
		362A3405150B6F8D00D92151 /* CopyFiles */ = {
			isa = PBXCopyFilesBuildPhase;
			buildActionMask = 2147483647;
			dstPath = Contents/Library/LaunchServices;
			dstSubfolderSpec = 1;
			files = (
				1CB4FB7D1528EDEB00DDEC99 /* mach_inject_bundle_stub.bundle in CopyFiles */,
				1CB4FB751528EDA100DDEC99 /* io.infinit.FinderDopant.bundle in CopyFiles */,
				1CB4FB761528EDA100DDEC99 /* io.infinit.Nurse.helper in CopyFiles */,
			);
			runOnlyForDeploymentPostprocessing = 0;
		};
		362A3408150B6FED00D92151 /* CopyFiles */ = {
			isa = PBXCopyFilesBuildPhase;
			buildActionMask = 2147483647;
			dstPath = "";
			dstSubfolderSpec = 7;
			files = (
			);
			runOnlyForDeploymentPostprocessing = 0;
		};
/* End PBXCopyFilesBuildPhase section */

/* Begin PBXFileReference section */
		1C437383156A95DF00A7FFD5 /* OONurseManager.h */ = {isa = PBXFileReference; fileEncoding = 4; lastKnownFileType = sourcecode.c.h; name = OONurseManager.h; path = ../../medecine/nurse/OONurseManager.h; sourceTree = "<group>"; };
		1C45EE46152AECAB00EFB356 /* en */ = {isa = PBXFileReference; lastKnownFileType = file.xib; name = en; path = en.lproj/MainMenu.xib; sourceTree = "<group>"; };
		1C45EE48152AECAB00EFB356 /* OOInjectorHelper.h */ = {isa = PBXFileReference; fileEncoding = 4; lastKnownFileType = sourcecode.c.h; path = OOInjectorHelper.h; sourceTree = "<group>"; };
		1C45EE49152AECAB00EFB356 /* OOInjectorHelper.m */ = {isa = PBXFileReference; fileEncoding = 4; lastKnownFileType = sourcecode.c.objc; path = OOInjectorHelper.m; sourceTree = "<group>"; };
		1C45EE4C152AECAB00EFB356 /* main.m */ = {isa = PBXFileReference; fileEncoding = 4; lastKnownFileType = sourcecode.c.objc; path = main.m; sourceTree = "<group>"; };
		1C45EE4D152AECAB00EFB356 /* AppDelegate.h */ = {isa = PBXFileReference; fileEncoding = 4; lastKnownFileType = sourcecode.c.h; path = AppDelegate.h; sourceTree = "<group>"; };
		1C45EE4E152AECAB00EFB356 /* AppDelegate.m */ = {isa = PBXFileReference; fileEncoding = 4; lastKnownFileType = sourcecode.c.objc; path = AppDelegate.m; sourceTree = "<group>"; };
		1C45EE55152AECAB00EFB356 /* Infinit-Info.plist */ = {isa = PBXFileReference; fileEncoding = 4; lastKnownFileType = text.plist.xml; path = "Infinit-Info.plist"; sourceTree = "<group>"; };
		1C7862C51566919800F7D2F5 /* infinite-app-icon.icns */ = {isa = PBXFileReference; lastKnownFileType = image.icns; path = "infinite-app-icon.icns"; sourceTree = "<group>"; };
		1C7862C91566919800F7D2F5 /* 1.png */ = {isa = PBXFileReference; lastKnownFileType = image.png; path = 1.png; sourceTree = "<group>"; };
		1C7862CA1566919800F7D2F5 /* 10.png */ = {isa = PBXFileReference; lastKnownFileType = image.png; path = 10.png; sourceTree = "<group>"; };
		1C7862CB1566919800F7D2F5 /* 11.png */ = {isa = PBXFileReference; lastKnownFileType = image.png; path = 11.png; sourceTree = "<group>"; };
		1C7862CC1566919800F7D2F5 /* 12.png */ = {isa = PBXFileReference; lastKnownFileType = image.png; path = 12.png; sourceTree = "<group>"; };
		1C7862CD1566919800F7D2F5 /* 13.png */ = {isa = PBXFileReference; lastKnownFileType = image.png; path = 13.png; sourceTree = "<group>"; };
		1C7862CE1566919800F7D2F5 /* 14.png */ = {isa = PBXFileReference; lastKnownFileType = image.png; path = 14.png; sourceTree = "<group>"; };
		1C7862CF1566919800F7D2F5 /* 15.png */ = {isa = PBXFileReference; lastKnownFileType = image.png; path = 15.png; sourceTree = "<group>"; };
		1C7862D01566919800F7D2F5 /* 16.png */ = {isa = PBXFileReference; lastKnownFileType = image.png; path = 16.png; sourceTree = "<group>"; };
		1C7862D11566919800F7D2F5 /* 17.png */ = {isa = PBXFileReference; lastKnownFileType = image.png; path = 17.png; sourceTree = "<group>"; };
		1C7862D21566919800F7D2F5 /* 18.png */ = {isa = PBXFileReference; lastKnownFileType = image.png; path = 18.png; sourceTree = "<group>"; };
		1C7862D31566919800F7D2F5 /* 2.png */ = {isa = PBXFileReference; lastKnownFileType = image.png; path = 2.png; sourceTree = "<group>"; };
		1C7862D41566919800F7D2F5 /* 3.png */ = {isa = PBXFileReference; lastKnownFileType = image.png; path = 3.png; sourceTree = "<group>"; };
		1C7862D51566919800F7D2F5 /* 4.png */ = {isa = PBXFileReference; lastKnownFileType = image.png; path = 4.png; sourceTree = "<group>"; };
		1C7862D61566919800F7D2F5 /* 5.png */ = {isa = PBXFileReference; lastKnownFileType = image.png; path = 5.png; sourceTree = "<group>"; };
		1C7862D71566919800F7D2F5 /* 6.png */ = {isa = PBXFileReference; lastKnownFileType = image.png; path = 6.png; sourceTree = "<group>"; };
		1C7862D81566919800F7D2F5 /* 7.png */ = {isa = PBXFileReference; lastKnownFileType = image.png; path = 7.png; sourceTree = "<group>"; };
		1C7862D91566919800F7D2F5 /* 8.png */ = {isa = PBXFileReference; lastKnownFileType = image.png; path = 8.png; sourceTree = "<group>"; };
		1C7862DA1566919800F7D2F5 /* 9.png */ = {isa = PBXFileReference; lastKnownFileType = image.png; path = 9.png; sourceTree = "<group>"; };
		1C7863011566919800F7D2F5 /* 19px-active.png */ = {isa = PBXFileReference; lastKnownFileType = image.png; path = "19px-active.png"; sourceTree = "<group>"; };
		1C7863021566919800F7D2F5 /* 19px-inactive.png */ = {isa = PBXFileReference; lastKnownFileType = image.png; path = "19px-inactive.png"; sourceTree = "<group>"; };
		1C7863031566919800F7D2F5 /* 19px-notification-blue.png */ = {isa = PBXFileReference; lastKnownFileType = image.png; path = "19px-notification-blue.png"; sourceTree = "<group>"; };
		1C7863041566919800F7D2F5 /* 19px-notification-red.png */ = {isa = PBXFileReference; lastKnownFileType = image.png; path = "19px-notification-red.png"; sourceTree = "<group>"; };
		1C7863051566919800F7D2F5 /* 19px-pending-anim-black.gif */ = {isa = PBXFileReference; lastKnownFileType = image.gif; path = "19px-pending-anim-black.gif"; sourceTree = "<group>"; };
		1C7863061566919800F7D2F5 /* 19px-pending-anim-blue.gif */ = {isa = PBXFileReference; lastKnownFileType = image.gif; path = "19px-pending-anim-blue.gif"; sourceTree = "<group>"; };
		1C7863071566919800F7D2F5 /* 19px-pending-anim-red.gif */ = {isa = PBXFileReference; lastKnownFileType = image.gif; path = "19px-pending-anim-red.gif"; sourceTree = "<group>"; };
		1C9B30BD15529790001EA6EA /* Cocoa.framework */ = {isa = PBXFileReference; lastKnownFileType = wrapper.framework; name = Cocoa.framework; path = System/Library/Frameworks/Cocoa.framework; sourceTree = SDKROOT; };
		1C9B30BF15529790001EA6EA /* PreferencePanes.framework */ = {isa = PBXFileReference; lastKnownFileType = wrapper.framework; name = PreferencePanes.framework; path = System/Library/Frameworks/PreferencePanes.framework; sourceTree = SDKROOT; };
		1C9B30C215529790001EA6EA /* AppKit.framework */ = {isa = PBXFileReference; lastKnownFileType = wrapper.framework; name = AppKit.framework; path = System/Library/Frameworks/AppKit.framework; sourceTree = SDKROOT; };
		1C9B30C315529790001EA6EA /* CoreData.framework */ = {isa = PBXFileReference; lastKnownFileType = wrapper.framework; name = CoreData.framework; path = System/Library/Frameworks/CoreData.framework; sourceTree = SDKROOT; };
		1C9B30C415529790001EA6EA /* Foundation.framework */ = {isa = PBXFileReference; lastKnownFileType = wrapper.framework; name = Foundation.framework; path = System/Library/Frameworks/Foundation.framework; sourceTree = SDKROOT; };
		1CB4FB771528EDDA00DDEC99 /* needle.xcodeproj */ = {isa = PBXFileReference; lastKnownFileType = "wrapper.pb-project"; name = needle.xcodeproj; path = medecine/needle/needle.xcodeproj; sourceTree = "<group>"; };
		1CD296FA1528D289006D1A4C /* medecine.xcodeproj */ = {isa = PBXFileReference; lastKnownFileType = "wrapper.pb-project"; name = medecine.xcodeproj; path = medecine/medecine.xcodeproj; sourceTree = "<group>"; };
		1CD332EA1553E13F00930842 /* infinite-app-icon.icns */ = {isa = PBXFileReference; lastKnownFileType = image.icns; path = "infinite-app-icon.icns"; sourceTree = "<group>"; };
		1CD5C44B1552A80C00556CC9 /* Preferences.xib */ = {isa = PBXFileReference; fileEncoding = 4; lastKnownFileType = file.xib; path = Preferences.xib; sourceTree = "<group>"; };
		1CD5C44D1552AFCB00556CC9 /* PreferencesWindowsController.h */ = {isa = PBXFileReference; fileEncoding = 4; lastKnownFileType = sourcecode.c.h; path = PreferencesWindowsController.h; sourceTree = "<group>"; };
		1CD5C44E1552AFCB00556CC9 /* PreferencesWindowsController.m */ = {isa = PBXFileReference; fileEncoding = 4; lastKnownFileType = sourcecode.c.objc; path = PreferencesWindowsController.m; sourceTree = "<group>"; };
		1CD5C4591552EC9200556CC9 /* pref_tab_conversions.png */ = {isa = PBXFileReference; lastKnownFileType = image.png; path = pref_tab_conversions.png; sourceTree = "<group>"; };
		1CD5C45A1552EC9200556CC9 /* pref_tab_disk_space.png */ = {isa = PBXFileReference; lastKnownFileType = image.png; path = pref_tab_disk_space.png; sourceTree = "<group>"; };
		1CD5C45B1552EC9200556CC9 /* pref_tab_downloads.png */ = {isa = PBXFileReference; lastKnownFileType = image.png; path = pref_tab_downloads.png; sourceTree = "<group>"; };
		1CD5C45C1552EC9200556CC9 /* pref_tab_extensions.png */ = {isa = PBXFileReference; lastKnownFileType = image.png; path = pref_tab_extensions.png; sourceTree = "<group>"; };
		1CD5C45D1552EC9200556CC9 /* pref_tab_feeds.png */ = {isa = PBXFileReference; lastKnownFileType = image.png; path = pref_tab_feeds.png; sourceTree = "<group>"; };
		1CD5C45E1552EC9200556CC9 /* pref_tab_folders.png */ = {isa = PBXFileReference; lastKnownFileType = image.png; path = pref_tab_folders.png; sourceTree = "<group>"; };
		1CD5C45F1552EC9200556CC9 /* pref_tab_general.png */ = {isa = PBXFileReference; lastKnownFileType = image.png; path = pref_tab_general.png; sourceTree = "<group>"; };
		1CD5C4601552EC9200556CC9 /* pref_tab_playback.png */ = {isa = PBXFileReference; lastKnownFileType = image.png; path = pref_tab_playback.png; sourceTree = "<group>"; };
		1CD5C4611552EC9200556CC9 /* pref_tab_sharing.png */ = {isa = PBXFileReference; lastKnownFileType = image.png; path = pref_tab_sharing.png; sourceTree = "<group>"; };
		1CD5C4621552EC9200556CC9 /* pref_tab_stores.png */ = {isa = PBXFileReference; lastKnownFileType = image.png; path = pref_tab_stores.png; sourceTree = "<group>"; };
		1CDABDA115502B3200F8097E /* infinite-app-icon.icns */ = {isa = PBXFileReference; lastKnownFileType = image.icns; name = "infinite-app-icon.icns"; path = "icons/infinite-app-icon.icns"; sourceTree = "<group>"; };
		362A33E4150B6ED000D92151 /* Infinit.app */ = {isa = PBXFileReference; explicitFileType = wrapper.application; includeInIndex = 0; path = Infinit.app; sourceTree = BUILT_PRODUCTS_DIR; };
		367B0EB714FFB6F100AC66A2 /* Security.framework */ = {isa = PBXFileReference; lastKnownFileType = wrapper.framework; name = Security.framework; path = System/Library/Frameworks/Security.framework; sourceTree = SDKROOT; };
		367B0EBA14FFB70200AC66A2 /* ServiceManagement.framework */ = {isa = PBXFileReference; lastKnownFileType = wrapper.framework; name = ServiceManagement.framework; path = System/Library/Frameworks/ServiceManagement.framework; sourceTree = SDKROOT; };
/* End PBXFileReference section */

/* Begin PBXFrameworksBuildPhase section */
		362A33E1150B6ED000D92151 /* Frameworks */ = {
			isa = PBXFrameworksBuildPhase;
			buildActionMask = 2147483647;
			files = (
				1CD5C4411552989B00556CC9 /* Cocoa.framework in Frameworks */,
				3667200E150BE370002A595A /* ServiceManagement.framework in Frameworks */,
				3667200F150BE372002A595A /* Security.framework in Frameworks */,
			);
			runOnlyForDeploymentPostprocessing = 0;
		};
/* End PBXFrameworksBuildPhase section */

/* Begin PBXGroup section */
		1C45EE44152AECAB00EFB356 /* field */ = {
			isa = PBXGroup;
			children = (
				1C45EE45152AECAB00EFB356 /* MainMenu.xib */,
				1C45EE4C152AECAB00EFB356 /* main.m */,
				1C45EE4D152AECAB00EFB356 /* AppDelegate.h */,
				1C45EE4E152AECAB00EFB356 /* AppDelegate.m */,
				1CD5C44A1552A7DC00556CC9 /* preferences */,
				1C45EE47152AECAB00EFB356 /* helpers */,
				1C45EE4F152AECAB00EFB356 /* ressources */,
				1C45EE54152AECAB00EFB356 /* supportingFiles */,
			);
			path = field;
			sourceTree = "<group>";
		};
		1C45EE47152AECAB00EFB356 /* helpers */ = {
			isa = PBXGroup;
			children = (
				1C437383156A95DF00A7FFD5 /* OONurseManager.h */,
				1C45EE48152AECAB00EFB356 /* OOInjectorHelper.h */,
				1C45EE49152AECAB00EFB356 /* OOInjectorHelper.m */,
			);
			path = helpers;
			sourceTree = "<group>";
		};
		1C45EE4F152AECAB00EFB356 /* ressources */ = {
			isa = PBXGroup;
			children = (
				1C7862C41566919800F7D2F5 /* icons */,
				1CD5C4581552EC9200556CC9 /* prefpane */,
				1CDABDA115502B3200F8097E /* infinite-app-icon.icns */,
			);
			path = ressources;
			sourceTree = "<group>";
		};
		1C45EE54152AECAB00EFB356 /* supportingFiles */ = {
			isa = PBXGroup;
			children = (
				1C45EE55152AECAB00EFB356 /* Infinit-Info.plist */,
			);
			path = supportingFiles;
			sourceTree = "<group>";
		};
		1C7862C41566919800F7D2F5 /* icons */ = {
			isa = PBXGroup;
			children = (
				1C7862C51566919800F7D2F5 /* infinite-app-icon.icns */,
				1C7862C71566919800F7D2F5 /* toolbarIcon */,
			);
			path = icons;
			sourceTree = "<group>";
		};
		1C7862C71566919800F7D2F5 /* toolbarIcon */ = {
			isa = PBXGroup;
			children = (
				1C7862C81566919800F7D2F5 /* 19px - Animation - black */,
				1C7863011566919800F7D2F5 /* 19px-active.png */,
				1C7863021566919800F7D2F5 /* 19px-inactive.png */,
				1C7863031566919800F7D2F5 /* 19px-notification-blue.png */,
				1C7863041566919800F7D2F5 /* 19px-notification-red.png */,
				1C7863051566919800F7D2F5 /* 19px-pending-anim-black.gif */,
				1C7863061566919800F7D2F5 /* 19px-pending-anim-blue.gif */,
				1C7863071566919800F7D2F5 /* 19px-pending-anim-red.gif */,
			);
			path = toolbarIcon;
			sourceTree = "<group>";
		};
		1C7862C81566919800F7D2F5 /* 19px - Animation - black */ = {
			isa = PBXGroup;
			children = (
				1C7862C91566919800F7D2F5 /* 1.png */,
				1C7862CA1566919800F7D2F5 /* 10.png */,
				1C7862CB1566919800F7D2F5 /* 11.png */,
				1C7862CC1566919800F7D2F5 /* 12.png */,
				1C7862CD1566919800F7D2F5 /* 13.png */,
				1C7862CE1566919800F7D2F5 /* 14.png */,
				1C7862CF1566919800F7D2F5 /* 15.png */,
				1C7862D01566919800F7D2F5 /* 16.png */,
				1C7862D11566919800F7D2F5 /* 17.png */,
				1C7862D21566919800F7D2F5 /* 18.png */,
				1C7862D31566919800F7D2F5 /* 2.png */,
				1C7862D41566919800F7D2F5 /* 3.png */,
				1C7862D51566919800F7D2F5 /* 4.png */,
				1C7862D61566919800F7D2F5 /* 5.png */,
				1C7862D71566919800F7D2F5 /* 6.png */,
				1C7862D81566919800F7D2F5 /* 7.png */,
				1C7862D91566919800F7D2F5 /* 8.png */,
				1C7862DA1566919800F7D2F5 /* 9.png */,
			);
			path = "19px - Animation - black";
			sourceTree = "<group>";
		};
		1C9B30BC15529790001EA6EA /* Frameworks */ = {
			isa = PBXGroup;
			children = (
				367B0EB714FFB6F100AC66A2 /* Security.framework */,
				367B0EBA14FFB70200AC66A2 /* ServiceManagement.framework */,
				1C9B30BD15529790001EA6EA /* Cocoa.framework */,
				1C9B30BF15529790001EA6EA /* PreferencePanes.framework */,
				1C9B30C115529790001EA6EA /* Other Frameworks */,
			);
			name = Frameworks;
			sourceTree = "<group>";
		};
		1C9B30C115529790001EA6EA /* Other Frameworks */ = {
			isa = PBXGroup;
			children = (
				1C9B30C215529790001EA6EA /* AppKit.framework */,
				1C9B30C315529790001EA6EA /* CoreData.framework */,
				1C9B30C415529790001EA6EA /* Foundation.framework */,
			);
			name = "Other Frameworks";
			sourceTree = "<group>";
		};
		1CB4FB781528EDDA00DDEC99 /* Products */ = {
			isa = PBXGroup;
			children = (
				1CB4FB7C1528EDDA00DDEC99 /* mach_inject_bundle_stub.bundle */,
			);
			name = Products;
			sourceTree = "<group>";
		};
		1CD296FB1528D289006D1A4C /* Products */ = {
			isa = PBXGroup;
			children = (
				1CD297041528D28A006D1A4C /* io.infinit.FinderDopant.bundle */,
				1CD297061528D28A006D1A4C /* io.infinit.Nurse.helper */,
			);
			name = Products;
			sourceTree = "<group>";
		};
		1CD5C44A1552A7DC00556CC9 /* preferences */ = {
			isa = PBXGroup;
			children = (
				1CD5C44B1552A80C00556CC9 /* Preferences.xib */,
				1CD5C44D1552AFCB00556CC9 /* PreferencesWindowsController.h */,
				1CD5C44E1552AFCB00556CC9 /* PreferencesWindowsController.m */,
			);
			path = preferences;
			sourceTree = "<group>";
		};
		1CD5C4581552EC9200556CC9 /* prefpane */ = {
			isa = PBXGroup;
			children = (
				1CD5C4591552EC9200556CC9 /* pref_tab_conversions.png */,
				1CD5C45A1552EC9200556CC9 /* pref_tab_disk_space.png */,
				1CD5C45B1552EC9200556CC9 /* pref_tab_downloads.png */,
				1CD5C45C1552EC9200556CC9 /* pref_tab_extensions.png */,
				1CD5C45D1552EC9200556CC9 /* pref_tab_feeds.png */,
				1CD5C45E1552EC9200556CC9 /* pref_tab_folders.png */,
				1CD5C45F1552EC9200556CC9 /* pref_tab_general.png */,
				1CD5C4601552EC9200556CC9 /* pref_tab_playback.png */,
				1CD5C4611552EC9200556CC9 /* pref_tab_sharing.png */,
				1CD5C4621552EC9200556CC9 /* pref_tab_stores.png */,
			);
			path = prefpane;
			sourceTree = "<group>";
		};
		36E9F8AB14FF7DE7000B9C12 = {
			isa = PBXGroup;
			children = (
				1CD332EA1553E13F00930842 /* infinite-app-icon.icns */,
				1CB4FB771528EDDA00DDEC99 /* needle.xcodeproj */,
				1CD296FA1528D289006D1A4C /* medecine.xcodeproj */,
				1C45EE44152AECAB00EFB356 /* field */,
				1C9B30BC15529790001EA6EA /* Frameworks */,
				36E9F8B714FF7DE8000B9C12 /* products */,
			);
			sourceTree = "<group>";
		};
		36E9F8B714FF7DE8000B9C12 /* products */ = {
			isa = PBXGroup;
			children = (
				362A33E4150B6ED000D92151 /* Infinit.app */,
			);
			name = products;
			sourceTree = "<group>";
		};
/* End PBXGroup section */

/* Begin PBXNativeTarget section */
		362A33E3150B6ED000D92151 /* Infinit */ = {
			isa = PBXNativeTarget;
			buildConfigurationList = 362A33FA150B6ED000D92151 /* Build configuration list for PBXNativeTarget "Infinit" */;
			buildPhases = (
				362A33E0150B6ED000D92151 /* Sources */,
				362A33E1150B6ED000D92151 /* Frameworks */,
				362A33E2150B6ED000D92151 /* Resources */,
				362A3405150B6F8D00D92151 /* CopyFiles */,
				362A3408150B6FED00D92151 /* CopyFiles */,
			);
			buildRules = (
			);
			dependencies = (
				1C99E16F155AAC7B00426951 /* PBXTargetDependency */,
				1C99E171155AAC7B00426951 /* PBXTargetDependency */,
				1C99E173155AAC7B00426951 /* PBXTargetDependency */,
			);
			name = Infinit;
			productName = Infinit;
			productReference = 362A33E4150B6ED000D92151 /* Infinit.app */;
			productType = "com.apple.product-type.application";
		};
/* End PBXNativeTarget section */

/* Begin PBXProject section */
		36E9F8AD14FF7DE7000B9C12 /* Project object */ = {
			isa = PBXProject;
			attributes = {
				LastUpgradeCheck = 0430;
			};
			buildConfigurationList = 36E9F8B014FF7DE7000B9C12 /* Build configuration list for PBXProject "Surface" */;
			compatibilityVersion = "Xcode 3.2";
			developmentRegion = English;
			hasScannedForEncodings = 0;
			knownRegions = (
				en,
			);
			mainGroup = 36E9F8AB14FF7DE7000B9C12;
			productRefGroup = 36E9F8B714FF7DE8000B9C12 /* products */;
			projectDirPath = "";
			projectReferences = (
				{
					ProductGroup = 1CD296FB1528D289006D1A4C /* Products */;
					ProjectRef = 1CD296FA1528D289006D1A4C /* medecine.xcodeproj */;
				},
				{
					ProductGroup = 1CB4FB781528EDDA00DDEC99 /* Products */;
					ProjectRef = 1CB4FB771528EDDA00DDEC99 /* needle.xcodeproj */;
				},
			);
			projectRoot = "";
			targets = (
				362A33E3150B6ED000D92151 /* Infinit */,
			);
		};
/* End PBXProject section */

/* Begin PBXReferenceProxy section */
		1CB4FB7C1528EDDA00DDEC99 /* mach_inject_bundle_stub.bundle */ = {
			isa = PBXReferenceProxy;
			fileType = wrapper.cfbundle;
			path = mach_inject_bundle_stub.bundle;
			remoteRef = 1CB4FB7B1528EDDA00DDEC99 /* PBXContainerItemProxy */;
			sourceTree = BUILT_PRODUCTS_DIR;
		};
		1CD297041528D28A006D1A4C /* io.infinit.FinderDopant.bundle */ = {
			isa = PBXReferenceProxy;
			fileType = wrapper.cfbundle;
			path = io.infinit.FinderDopant.bundle;
			remoteRef = 1CD297031528D28A006D1A4C /* PBXContainerItemProxy */;
			sourceTree = BUILT_PRODUCTS_DIR;
		};
		1CD297061528D28A006D1A4C /* io.infinit.Nurse.helper */ = {
			isa = PBXReferenceProxy;
			fileType = "compiled.mach-o.executable";
			path = io.infinit.Nurse.helper;
			remoteRef = 1CD297051528D28A006D1A4C /* PBXContainerItemProxy */;
			sourceTree = BUILT_PRODUCTS_DIR;
		};
/* End PBXReferenceProxy section */

/* Begin PBXResourcesBuildPhase section */
		362A33E2150B6ED000D92151 /* Resources */ = {
			isa = PBXResourcesBuildPhase;
			buildActionMask = 2147483647;
			files = (
				1CC381E715669DB200EA4FAB /* 1.png in Resources */,
				1CC381E815669DB200EA4FAB /* 10.png in Resources */,
				1CC381E915669DB200EA4FAB /* 11.png in Resources */,
				1CC381EA15669DB200EA4FAB /* 12.png in Resources */,
				1CC381EB15669DB200EA4FAB /* 13.png in Resources */,
				1CC381EC15669DB200EA4FAB /* 14.png in Resources */,
				1CC381ED15669DB200EA4FAB /* 15.png in Resources */,
				1CC381EE15669DB200EA4FAB /* 16.png in Resources */,
				1CC381EF15669DB200EA4FAB /* 17.png in Resources */,
				1CC381F015669DB200EA4FAB /* 18.png in Resources */,
				1CC381F115669DB200EA4FAB /* 2.png in Resources */,
				1CC381F215669DB200EA4FAB /* 3.png in Resources */,
				1CC381F315669DB200EA4FAB /* 4.png in Resources */,
				1CC381F415669DB200EA4FAB /* 5.png in Resources */,
				1CC381F515669DB200EA4FAB /* 6.png in Resources */,
				1CC381F615669DB200EA4FAB /* 7.png in Resources */,
				1CC381F715669DB200EA4FAB /* 8.png in Resources */,
				1CC381F815669DB200EA4FAB /* 9.png in Resources */,
				1C45EE56152AECAB00EFB356 /* MainMenu.xib in Resources */,
				1CDABDA315502B3200F8097E /* infinite-app-icon.icns in Resources */,
				1CD5C44C1552A80C00556CC9 /* Preferences.xib in Resources */,
				1CD5C4631552EC9200556CC9 /* pref_tab_conversions.png in Resources */,
				1CD5C4641552EC9200556CC9 /* pref_tab_disk_space.png in Resources */,
				1CD5C4651552EC9200556CC9 /* pref_tab_downloads.png in Resources */,
				1CD5C4661552EC9200556CC9 /* pref_tab_extensions.png in Resources */,
				1CD5C4671552EC9200556CC9 /* pref_tab_feeds.png in Resources */,
				1CD5C4681552EC9200556CC9 /* pref_tab_folders.png in Resources */,
				1CD5C4691552EC9200556CC9 /* pref_tab_general.png in Resources */,
				1CD5C46A1552EC9200556CC9 /* pref_tab_playback.png in Resources */,
				1CD5C46B1552EC9200556CC9 /* pref_tab_sharing.png in Resources */,
				1CD5C46C1552EC9200556CC9 /* pref_tab_stores.png in Resources */,
				1CD332EB1553E13F00930842 /* infinite-app-icon.icns in Resources */,
				1C7863081566919800F7D2F5 /* infinite-app-icon.icns in Resources */,
				1C7863401566919800F7D2F5 /* 19px-active.png in Resources */,
				1C7863411566919800F7D2F5 /* 19px-inactive.png in Resources */,
				1C7863421566919800F7D2F5 /* 19px-notification-blue.png in Resources */,
				1C7863431566919800F7D2F5 /* 19px-notification-red.png in Resources */,
				1C7863441566919800F7D2F5 /* 19px-pending-anim-black.gif in Resources */,
				1C7863451566919800F7D2F5 /* 19px-pending-anim-blue.gif in Resources */,
				1C7863461566919800F7D2F5 /* 19px-pending-anim-red.gif in Resources */,
			);
			runOnlyForDeploymentPostprocessing = 0;
		};
/* End PBXResourcesBuildPhase section */

/* Begin PBXSourcesBuildPhase section */
		362A33E0150B6ED000D92151 /* Sources */ = {
			isa = PBXSourcesBuildPhase;
			buildActionMask = 2147483647;
			files = (
				1C45EE57152AECAB00EFB356 /* OOInjectorHelper.m in Sources */,
				1C45EE59152AECAB00EFB356 /* main.m in Sources */,
				1C45EE5A152AECAB00EFB356 /* AppDelegate.m in Sources */,
				1CD5C44F1552AFCB00556CC9 /* PreferencesWindowsController.m in Sources */,
			);
			runOnlyForDeploymentPostprocessing = 0;
		};
/* End PBXSourcesBuildPhase section */

/* Begin PBXTargetDependency section */
		1C99E16F155AAC7B00426951 /* PBXTargetDependency */ = {
			isa = PBXTargetDependency;
			name = FinderDopant;
			targetProxy = 1C99E16E155AAC7B00426951 /* PBXContainerItemProxy */;
		};
		1C99E171155AAC7B00426951 /* PBXTargetDependency */ = {
			isa = PBXTargetDependency;
			name = Nurse;
			targetProxy = 1C99E170155AAC7B00426951 /* PBXContainerItemProxy */;
		};
		1C99E173155AAC7B00426951 /* PBXTargetDependency */ = {
			isa = PBXTargetDependency;
			name = mach_inject_bundle_stub;
			targetProxy = 1C99E172155AAC7B00426951 /* PBXContainerItemProxy */;
		};
/* End PBXTargetDependency section */

/* Begin PBXVariantGroup section */
		1C45EE45152AECAB00EFB356 /* MainMenu.xib */ = {
			isa = PBXVariantGroup;
			children = (
				1C45EE46152AECAB00EFB356 /* en */,
			);
			name = MainMenu.xib;
			sourceTree = "<group>";
		};
/* End PBXVariantGroup section */

/* Begin XCBuildConfiguration section */
		362A33FB150B6ED000D92151 /* Debug */ = {
			isa = XCBuildConfiguration;
			buildSettings = {
				ARCHS = "$(ARCHS_STANDARD_64_BIT)";
				DEBUG_INFORMATION_FORMAT = dwarf;
				GCC_PRECOMPILE_PREFIX_HEADER = YES;
				GCC_PREFIX_HEADER = "";
				GCC_VERSION = com.apple.compilers.llvm.clang.1_0;
				INFOPLIST_FILE = "field/supportingFiles/Infinit-Info.plist";
				LIBRARY_SEARCH_PATHS = (
					"$(inherited)",
					"\"$(SRCROOT)/field/ressources/lib\"",
				);
				MACOSX_DEPLOYMENT_TARGET = 10.6;
				OBJROOT = "$(SYMROOT)/Intermediates";
				ONLY_ACTIVE_ARCH = YES;
				PRODUCT_NAME = "$(TARGET_NAME)";
				SDKROOT = macosx;
				SYMROOT = DerivedData;
				WRAPPER_EXTENSION = app;
			};
			name = Debug;
		};
		362A33FC150B6ED000D92151 /* Release */ = {
			isa = XCBuildConfiguration;
			buildSettings = {
				ARCHS = "$(ARCHS_STANDARD_64_BIT)";
				CONFIGURATION_BUILD_DIR = "$(BUILD_DIR)";
				DEBUG_INFORMATION_FORMAT = dwarf;
				GCC_PRECOMPILE_PREFIX_HEADER = YES;
				GCC_PREFIX_HEADER = "";
				GCC_VERSION = com.apple.compilers.llvm.clang.1_0;
				INFOPLIST_FILE = "field/supportingFiles/Infinit-Info.plist";
				LIBRARY_SEARCH_PATHS = (
					"$(inherited)",
					"\"$(SRCROOT)/field/ressources/lib\"",
				);
				MACOSX_DEPLOYMENT_TARGET = 10.6;
				OBJROOT = "$(SYMROOT)/Intermediates";
				ONLY_ACTIVE_ARCH = YES;
				PRODUCT_NAME = "$(TARGET_NAME)";
				SDKROOT = macosx;
				SYMROOT = DerivedData;
				WRAPPER_EXTENSION = app;
			};
			name = Release;
		};
		36E9F8D214FF7DE8000B9C12 /* Debug */ = {
			isa = XCBuildConfiguration;
			buildSettings = {
				ALWAYS_SEARCH_USER_PATHS = NO;
				ARCHS = "$(ARCHS_STANDARD_32_64_BIT)";
				CODE_SIGN_IDENTITY = io.infinit;
				COPY_PHASE_STRIP = NO;
				GCC_C_LANGUAGE_STANDARD = gnu99;
				GCC_DYNAMIC_NO_PIC = NO;
				GCC_ENABLE_OBJC_EXCEPTIONS = YES;
				GCC_OPTIMIZATION_LEVEL = 0;
				GCC_PREPROCESSOR_DEFINITIONS = (
					"DEBUG=1",
					"$(inherited)",
				);
				GCC_SYMBOLS_PRIVATE_EXTERN = NO;
				GCC_VERSION = com.apple.compilers.llvm.clang.1_0;
				GCC_WARN_64_TO_32_BIT_CONVERSION = YES;
				GCC_WARN_ABOUT_MISSING_PROTOTYPES = YES;
				GCC_WARN_ABOUT_RETURN_TYPE = YES;
				GCC_WARN_UNUSED_VARIABLE = YES;
				MACOSX_DEPLOYMENT_TARGET = 10.7;
				ONLY_ACTIVE_ARCH = YES;
				PROVISIONING_PROFILE = "";
				SDKROOT = macosx;
				VALID_ARCHS = x86_64;
			};
			name = Debug;
		};
		36E9F8D314FF7DE8000B9C12 /* Release */ = {
			isa = XCBuildConfiguration;
			buildSettings = {
				ALWAYS_SEARCH_USER_PATHS = NO;
				ARCHS = "$(ARCHS_STANDARD_32_64_BIT)";
				CODE_SIGN_IDENTITY = io.infinit;
				COPY_PHASE_STRIP = YES;
				DEBUG_INFORMATION_FORMAT = "dwarf-with-dsym";
				GCC_C_LANGUAGE_STANDARD = gnu99;
				GCC_ENABLE_OBJC_EXCEPTIONS = YES;
				GCC_VERSION = com.apple.compilers.llvm.clang.1_0;
				GCC_WARN_64_TO_32_BIT_CONVERSION = YES;
				GCC_WARN_ABOUT_MISSING_PROTOTYPES = YES;
				GCC_WARN_ABOUT_RETURN_TYPE = YES;
				GCC_WARN_UNUSED_VARIABLE = YES;
				MACOSX_DEPLOYMENT_TARGET = 10.7;
				PROVISIONING_PROFILE = "";
				SDKROOT = macosx;
				VALID_ARCHS = x86_64;
			};
			name = Release;
		};
/* End XCBuildConfiguration section */

/* Begin XCConfigurationList section */
		362A33FA150B6ED000D92151 /* Build configuration list for PBXNativeTarget "Infinit" */ = {
			isa = XCConfigurationList;
			buildConfigurations = (
				362A33FB150B6ED000D92151 /* Debug */,
				362A33FC150B6ED000D92151 /* Release */,
			);
			defaultConfigurationIsVisible = 0;
			defaultConfigurationName = Release;
		};
		36E9F8B014FF7DE7000B9C12 /* Build configuration list for PBXProject "Surface" */ = {
			isa = XCConfigurationList;
			buildConfigurations = (
				36E9F8D214FF7DE8000B9C12 /* Debug */,
				36E9F8D314FF7DE8000B9C12 /* Release */,
			);
			defaultConfigurationIsVisible = 0;
			defaultConfigurationName = Release;
		};
/* End XCConfigurationList section */
	};
	rootObject = 36E9F8AD14FF7DE7000B9C12 /* Project object */;
}
