// !$*UTF8*$!
{
	archiveVersion = 1;
	classes = {
	};
	objectVersion = 46;
	objects = {

/* Begin PBXBuildFile section */
		1C03F3361575154200966EC3 /* OOSetupWindowDelegate.m in Sources */ = {isa = PBXBuildFile; fileRef = 1C03F3351575154200966EC3 /* OOSetupWindowDelegate.m */; };
		1C03F3381575265B00966EC3 /* QuartzCore.framework in Frameworks */ = {isa = PBXBuildFile; fileRef = 1C03F3371575265B00966EC3 /* QuartzCore.framework */; };
		1C45EE56152AECAB00EFB356 /* MainMenu.xib in Resources */ = {isa = PBXBuildFile; fileRef = 1C45EE45152AECAB00EFB356 /* MainMenu.xib */; };
		1C45EE59152AECAB00EFB356 /* main.m in Sources */ = {isa = PBXBuildFile; fileRef = 1C45EE4C152AECAB00EFB356 /* main.m */; };
		1C45EE5A152AECAB00EFB356 /* AppDelegate.m in Sources */ = {isa = PBXBuildFile; fileRef = 1C45EE4E152AECAB00EFB356 /* AppDelegate.m */; };
		1C50F8F01574D50D0082F57C /* OOSetupView.m in Sources */ = {isa = PBXBuildFile; fileRef = 1C50F8EE1574D50D0082F57C /* OOSetupView.m */; };
		1C50F8F11574D50D0082F57C /* OOSetupWindow.xib in Resources */ = {isa = PBXBuildFile; fileRef = 1C50F8EF1574D50D0082F57C /* OOSetupWindow.xib */; };
		1C50F8F81574EE030082F57C /* setup-bg.png in Resources */ = {isa = PBXBuildFile; fileRef = 1C50F8F71574EE030082F57C /* setup-bg.png */; };
		1C695E1E15CA837300533738 /* Phone.framework in Frameworks */ = {isa = PBXBuildFile; fileRef = 1CB3FF8215946D2400CFDBA7 /* Phone.framework */; settings = {ATTRIBUTES = (Required, ); }; };
		1C74C3261598713B009210AC /* OOSetupWindowController.m in Sources */ = {isa = PBXBuildFile; fileRef = 1C74C3251598713B009210AC /* OOSetupWindowController.m */; };
		1C7863081566919800F7D2F5 /* infinite-app-icon.icns in Resources */ = {isa = PBXBuildFile; fileRef = 1C7862C51566919800F7D2F5 /* infinite-app-icon.icns */; };
		1C7863401566919800F7D2F5 /* 19px-active.png in Resources */ = {isa = PBXBuildFile; fileRef = 1C7863011566919800F7D2F5 /* 19px-active.png */; };
		1C7863411566919800F7D2F5 /* 19px-inactive.png in Resources */ = {isa = PBXBuildFile; fileRef = 1C7863021566919800F7D2F5 /* 19px-inactive.png */; };
		1C7863421566919800F7D2F5 /* 19px-notification-blue.png in Resources */ = {isa = PBXBuildFile; fileRef = 1C7863031566919800F7D2F5 /* 19px-notification-blue.png */; };
		1C7863431566919800F7D2F5 /* 19px-notification-red.png in Resources */ = {isa = PBXBuildFile; fileRef = 1C7863041566919800F7D2F5 /* 19px-notification-red.png */; };
		1C7863441566919800F7D2F5 /* 19px-pending-anim-black.gif in Resources */ = {isa = PBXBuildFile; fileRef = 1C7863051566919800F7D2F5 /* 19px-pending-anim-black.gif */; };
		1C7863451566919800F7D2F5 /* 19px-pending-anim-blue.gif in Resources */ = {isa = PBXBuildFile; fileRef = 1C7863061566919800F7D2F5 /* 19px-pending-anim-blue.gif */; };
		1C7863461566919800F7D2F5 /* 19px-pending-anim-red.gif in Resources */ = {isa = PBXBuildFile; fileRef = 1C7863071566919800F7D2F5 /* 19px-pending-anim-red.gif */; };
		1C8BBA1915CA7E1700E8E1DC /* Phone.framework in CopyFiles */ = {isa = PBXBuildFile; fileRef = 1CB3FF8215946D2400CFDBA7 /* Phone.framework */; };
		1C96022615C84DA5001C864F /* FinderPanel.framework in CopyFiles */ = {isa = PBXBuildFile; fileRef = 1C48593E15B569C0003ED64A /* FinderPanel.framework */; };
		1CAB4C9215B83E04005CD6FC /* Security.framework in Frameworks */ = {isa = PBXBuildFile; fileRef = 367B0EB714FFB6F100AC66A2 /* Security.framework */; };
		1CB3FFA11594AF8300CFDBA7 /* infinit-setup.png in Resources */ = {isa = PBXBuildFile; fileRef = 1CB3FFA01594AF8300CFDBA7 /* infinit-setup.png */; };
		1CC381E715669DB200EA4FAB /* 1.png in Resources */ = {isa = PBXBuildFile; fileRef = 1C7862C91566919800F7D2F5 /* 1.png */; };
		1CC381E815669DB200EA4FAB /* 10.png in Resources */ = {isa = PBXBuildFile; fileRef = 1C7862CA1566919800F7D2F5 /* 10.png */; };
		1CC381E915669DB200EA4FAB /* 11.png in Resources */ = {isa = PBXBuildFile; fileRef = 1C7862CB1566919800F7D2F5 /* 11.png */; };
		1CC381EA15669DB200EA4FAB /* 12.png in Resources */ = {isa = PBXBuildFile; fileRef = 1C7862CC1566919800F7D2F5 /* 12.png */; };
		1CC381EB15669DB200EA4FAB /* 13.png in Resources */ = {isa = PBXBuildFile; fileRef = 1C7862CD1566919800F7D2F5 /* 13.png */; };
		1CC381EC15669DB200EA4FAB /* 14.png in Resources */ = {isa = PBXBuildFile; fileRef = 1C7862CE1566919800F7D2F5 /* 14.png */; };
		1CC381ED15669DB200EA4FAB /* 15.png in Resources */ = {isa = PBXBuildFile; fileRef = 1C7862CF1566919800F7D2F5 /* 15.png */; };
		1CC381EE15669DB200EA4FAB /* 16.png in Resources */ = {isa = PBXBuildFile; fileRef = 1C7862D01566919800F7D2F5 /* 16.png */; };
		1CC381EF15669DB200EA4FAB /* 17.png in Resources */ = {isa = PBXBuildFile; fileRef = 1C7862D11566919800F7D2F5 /* 17.png */; };
		1CC381F015669DB200EA4FAB /* 18.png in Resources */ = {isa = PBXBuildFile; fileRef = 1C7862D21566919800F7D2F5 /* 18.png */; };
		1CC381F115669DB200EA4FAB /* 2.png in Resources */ = {isa = PBXBuildFile; fileRef = 1C7862D31566919800F7D2F5 /* 2.png */; };
		1CC381F215669DB200EA4FAB /* 3.png in Resources */ = {isa = PBXBuildFile; fileRef = 1C7862D41566919800F7D2F5 /* 3.png */; };
		1CC381F315669DB200EA4FAB /* 4.png in Resources */ = {isa = PBXBuildFile; fileRef = 1C7862D51566919800F7D2F5 /* 4.png */; };
		1CC381F415669DB200EA4FAB /* 5.png in Resources */ = {isa = PBXBuildFile; fileRef = 1C7862D61566919800F7D2F5 /* 5.png */; };
		1CC381F515669DB200EA4FAB /* 6.png in Resources */ = {isa = PBXBuildFile; fileRef = 1C7862D71566919800F7D2F5 /* 6.png */; };
		1CC381F615669DB200EA4FAB /* 7.png in Resources */ = {isa = PBXBuildFile; fileRef = 1C7862D81566919800F7D2F5 /* 7.png */; };
		1CC381F715669DB200EA4FAB /* 8.png in Resources */ = {isa = PBXBuildFile; fileRef = 1C7862D91566919800F7D2F5 /* 8.png */; };
		1CC381F815669DB200EA4FAB /* 9.png in Resources */ = {isa = PBXBuildFile; fileRef = 1C7862DA1566919800F7D2F5 /* 9.png */; };
		1CC9FCB4157CD4DC002C3BE1 /* AddressBook.framework in Frameworks */ = {isa = PBXBuildFile; fileRef = 1CC9FCB3157CD4DC002C3BE1 /* AddressBook.framework */; };
		1CD2BB2815CFD3920081FE59 /* OOEnvironmentVar.m in Sources */ = {isa = PBXBuildFile; fileRef = 1CD2BB2715CFD3920081FE59 /* OOEnvironmentVar.m */; };
		1CD2BBDE15D0044E0081FE59 /* io.infinit.Nurse.helper in CopyFiles */ = {isa = PBXBuildFile; fileRef = 1CD2BBDA15D0034F0081FE59 /* io.infinit.Nurse.helper */; };
		1CD332EB1553E13F00930842 /* infinite-app-icon.icns in Resources */ = {isa = PBXBuildFile; fileRef = 1CD332EA1553E13F00930842 /* infinite-app-icon.icns */; };
		1CD3B88315C95E8300F28469 /* FinderPanel.framework in Frameworks */ = {isa = PBXBuildFile; fileRef = 1C48593E15B569C0003ED64A /* FinderPanel.framework */; };
		1CD5C4411552989B00556CC9 /* Cocoa.framework in Frameworks */ = {isa = PBXBuildFile; fileRef = 1C9B30BD15529790001EA6EA /* Cocoa.framework */; };
		1CD5C44C1552A80C00556CC9 /* OOPreferencesWindows.xib in Resources */ = {isa = PBXBuildFile; fileRef = 1CD5C44B1552A80C00556CC9 /* OOPreferencesWindows.xib */; };
		1CD5C44F1552AFCB00556CC9 /* OOPreferencesWindowController.m in Sources */ = {isa = PBXBuildFile; fileRef = 1CD5C44E1552AFCB00556CC9 /* OOPreferencesWindowController.m */; };
		1CD5C4631552EC9200556CC9 /* pref_tab_conversions.png in Resources */ = {isa = PBXBuildFile; fileRef = 1CD5C4591552EC9200556CC9 /* pref_tab_conversions.png */; };
		1CD5C4641552EC9200556CC9 /* pref_tab_disk_space.png in Resources */ = {isa = PBXBuildFile; fileRef = 1CD5C45A1552EC9200556CC9 /* pref_tab_disk_space.png */; };
		1CD5C4651552EC9200556CC9 /* pref_tab_downloads.png in Resources */ = {isa = PBXBuildFile; fileRef = 1CD5C45B1552EC9200556CC9 /* pref_tab_downloads.png */; };
		1CD5C4661552EC9200556CC9 /* pref_tab_extensions.png in Resources */ = {isa = PBXBuildFile; fileRef = 1CD5C45C1552EC9200556CC9 /* pref_tab_extensions.png */; };
		1CD5C4671552EC9200556CC9 /* pref_tab_feeds.png in Resources */ = {isa = PBXBuildFile; fileRef = 1CD5C45D1552EC9200556CC9 /* pref_tab_feeds.png */; };
		1CD5C4681552EC9200556CC9 /* pref_tab_folders.png in Resources */ = {isa = PBXBuildFile; fileRef = 1CD5C45E1552EC9200556CC9 /* pref_tab_folders.png */; };
		1CD5C4691552EC9200556CC9 /* pref_tab_general.png in Resources */ = {isa = PBXBuildFile; fileRef = 1CD5C45F1552EC9200556CC9 /* pref_tab_general.png */; };
		1CD5C46A1552EC9200556CC9 /* pref_tab_playback.png in Resources */ = {isa = PBXBuildFile; fileRef = 1CD5C4601552EC9200556CC9 /* pref_tab_playback.png */; };
		1CD5C46B1552EC9200556CC9 /* pref_tab_sharing.png in Resources */ = {isa = PBXBuildFile; fileRef = 1CD5C4611552EC9200556CC9 /* pref_tab_sharing.png */; };
		1CD5C46C1552EC9200556CC9 /* pref_tab_stores.png in Resources */ = {isa = PBXBuildFile; fileRef = 1CD5C4621552EC9200556CC9 /* pref_tab_stores.png */; };
		1CDA370A15D00A190078C963 /* fuse4x.bundle in CopyFiles */ = {isa = PBXBuildFile; fileRef = 1CDA370915D00A170078C963 /* fuse4x.bundle */; };
		1CDA370B15D00CEA0078C963 /* OOInjectorHelper.m in Sources */ = {isa = PBXBuildFile; fileRef = 1C45EE49152AECAB00EFB356 /* OOInjectorHelper.m */; };
		1CDABDA315502B3200F8097E /* infinite-app-icon.icns in Resources */ = {isa = PBXBuildFile; fileRef = 1CDABDA115502B3200F8097E /* infinite-app-icon.icns */; };
		1CF9868215EB8E700095C264 /* ResourceRules.plist in Resources */ = {isa = PBXBuildFile; fileRef = 1CF9868115EB8E700095C264 /* ResourceRules.plist */; };
		3667200E150BE370002A595A /* ServiceManagement.framework in Frameworks */ = {isa = PBXBuildFile; fileRef = 367B0EBA14FFB70200AC66A2 /* ServiceManagement.framework */; };
/* End PBXBuildFile section */

/* Begin PBXContainerItemProxy section */
		1C4858F915B55C76003ED64A /* PBXContainerItemProxy */ = {
			isa = PBXContainerItemProxy;
			containerPortal = 1C4858F315B55C75003ED64A /* FinderPanel.xcodeproj */;
			proxyType = 2;
			remoteGlobalIDString = 1C045BB7159CAA7900162909;
			remoteInfo = FinderPanel;
		};
		1C4858FB15B55C76003ED64A /* PBXContainerItemProxy */ = {
			isa = PBXContainerItemProxy;
			containerPortal = 1C4858F315B55C75003ED64A /* FinderPanel.xcodeproj */;
			proxyType = 2;
			remoteGlobalIDString = 1C045BD8159CAA7900162909;
			remoteInfo = FinderPanelTests;
		};
		1C48593D15B569C0003ED64A /* PBXContainerItemProxy */ = {
			isa = PBXContainerItemProxy;
			containerPortal = 1C4858F315B55C75003ED64A /* FinderPanel.xcodeproj */;
			proxyType = 2;
			remoteGlobalIDString = 1C48591B15B567A2003ED64A;
			remoteInfo = FinderPanel;
		};
		1C48594015B569CA003ED64A /* PBXContainerItemProxy */ = {
			isa = PBXContainerItemProxy;
			containerPortal = 1C4858F315B55C75003ED64A /* FinderPanel.xcodeproj */;
			proxyType = 1;
			remoteGlobalIDString = 1C30B5B015B56A280056A382;
			remoteInfo = FinderPanel;
		};
		1C8BBA1A15CA7E5400E8E1DC /* PBXContainerItemProxy */ = {
			isa = PBXContainerItemProxy;
			containerPortal = 1CB3FF7C15946D2400CFDBA7 /* phone.xcodeproj */;
			proxyType = 1;
			remoteGlobalIDString = 1CB3FF4B15946D2300CFDBA7;
			remoteInfo = Phone;
		};
		1CB3FF8115946D2400CFDBA7 /* PBXContainerItemProxy */ = {
			isa = PBXContainerItemProxy;
			containerPortal = 1CB3FF7C15946D2400CFDBA7 /* phone.xcodeproj */;
			proxyType = 2;
			remoteGlobalIDString = 1CB3FF4C15946D2300CFDBA7;
			remoteInfo = phone;
		};
		1CB3FF8315946D2400CFDBA7 /* PBXContainerItemProxy */ = {
			isa = PBXContainerItemProxy;
			containerPortal = 1CB3FF7C15946D2400CFDBA7 /* phone.xcodeproj */;
			proxyType = 2;
			remoteGlobalIDString = 1CB3FF6415946D2400CFDBA7;
			remoteInfo = phoneTests;
		};
		1CD2BBD915D0034F0081FE59 /* PBXContainerItemProxy */ = {
			isa = PBXContainerItemProxy;
			containerPortal = 1CD2BBCD15D0034F0081FE59 /* medecine.xcodeproj */;
			proxyType = 2;
			remoteGlobalIDString = 3661644615011A08008A1425;
			remoteInfo = Nurse;
		};
		1CD2BBDC15D003A40081FE59 /* PBXContainerItemProxy */ = {
			isa = PBXContainerItemProxy;
			containerPortal = 1CD2BBCD15D0034F0081FE59 /* medecine.xcodeproj */;
			proxyType = 1;
			remoteGlobalIDString = 3661644515011A08008A1425;
			remoteInfo = Nurse;
		};
/* End PBXContainerItemProxy section */

/* Begin PBXCopyFilesBuildPhase section */
		1CD2BBF415D006A40081FE59 /* CopyFiles */ = {
			isa = PBXCopyFilesBuildPhase;
			buildActionMask = 2147483647;
			dstPath = "";
			dstSubfolderSpec = 7;
			files = (
				1CDA370A15D00A190078C963 /* fuse4x.bundle in CopyFiles */,
			);
			runOnlyForDeploymentPostprocessing = 0;
		};
		362A3405150B6F8D00D92151 /* CopyFiles */ = {
			isa = PBXCopyFilesBuildPhase;
			buildActionMask = 2147483647;
			dstPath = Contents/Library/LaunchServices;
			dstSubfolderSpec = 1;
			files = (
				1CD2BBDE15D0044E0081FE59 /* io.infinit.Nurse.helper in CopyFiles */,
			);
			runOnlyForDeploymentPostprocessing = 0;
		};
		362A3408150B6FED00D92151 /* CopyFiles */ = {
			isa = PBXCopyFilesBuildPhase;
			buildActionMask = 12;
			dstPath = "";
			dstSubfolderSpec = 10;
			files = (
				1C8BBA1915CA7E1700E8E1DC /* Phone.framework in CopyFiles */,
				1C96022615C84DA5001C864F /* FinderPanel.framework in CopyFiles */,
			);
			runOnlyForDeploymentPostprocessing = 0;
		};
/* End PBXCopyFilesBuildPhase section */

/* Begin PBXFileReference section */
		1C03F3341575154200966EC3 /* OOSetupWindowDelegate.h */ = {isa = PBXFileReference; fileEncoding = 4; lastKnownFileType = sourcecode.c.h; path = OOSetupWindowDelegate.h; sourceTree = "<group>"; };
		1C03F3351575154200966EC3 /* OOSetupWindowDelegate.m */ = {isa = PBXFileReference; fileEncoding = 4; lastKnownFileType = sourcecode.c.objc; path = OOSetupWindowDelegate.m; sourceTree = "<group>"; };
		1C03F3371575265B00966EC3 /* QuartzCore.framework */ = {isa = PBXFileReference; lastKnownFileType = wrapper.framework; name = QuartzCore.framework; path = System/Library/Frameworks/QuartzCore.framework; sourceTree = SDKROOT; };
		1C437383156A95DF00A7FFD5 /* OONurseManager.h */ = {isa = PBXFileReference; fileEncoding = 4; lastKnownFileType = sourcecode.c.h; name = OONurseManager.h; path = ../../medecine/nurse/OONurseManager.h; sourceTree = "<group>"; };
		1C45EE46152AECAB00EFB356 /* en */ = {isa = PBXFileReference; lastKnownFileType = file.xib; name = en; path = en.lproj/MainMenu.xib; sourceTree = "<group>"; };
		1C45EE48152AECAB00EFB356 /* OOInjectorHelper.h */ = {isa = PBXFileReference; fileEncoding = 4; lastKnownFileType = sourcecode.c.h; path = OOInjectorHelper.h; sourceTree = "<group>"; };
		1C45EE49152AECAB00EFB356 /* OOInjectorHelper.m */ = {isa = PBXFileReference; fileEncoding = 4; lastKnownFileType = sourcecode.c.objc; path = OOInjectorHelper.m; sourceTree = "<group>"; };
		1C45EE4C152AECAB00EFB356 /* main.m */ = {isa = PBXFileReference; fileEncoding = 4; lastKnownFileType = sourcecode.c.objc; path = main.m; sourceTree = "<group>"; };
		1C45EE4D152AECAB00EFB356 /* AppDelegate.h */ = {isa = PBXFileReference; fileEncoding = 4; lastKnownFileType = sourcecode.c.h; path = AppDelegate.h; sourceTree = "<group>"; };
		1C45EE4E152AECAB00EFB356 /* AppDelegate.m */ = {isa = PBXFileReference; fileEncoding = 4; lastKnownFileType = sourcecode.c.objc; path = AppDelegate.m; sourceTree = "<group>"; };
		1C45EE55152AECAB00EFB356 /* Infinit-Info.plist */ = {isa = PBXFileReference; fileEncoding = 4; lastKnownFileType = text.plist.xml; path = "Infinit-Info.plist"; sourceTree = "<group>"; };
		1C4858F315B55C75003ED64A /* FinderPanel.xcodeproj */ = {isa = PBXFileReference; lastKnownFileType = "wrapper.pb-project"; name = FinderPanel.xcodeproj; path = medecine/../finderPanel/FinderPanel.xcodeproj; sourceTree = "<group>"; };
		1C50F8ED1574D50D0082F57C /* OOSetupView.h */ = {isa = PBXFileReference; fileEncoding = 4; lastKnownFileType = sourcecode.c.h; path = OOSetupView.h; sourceTree = "<group>"; };
		1C50F8EE1574D50D0082F57C /* OOSetupView.m */ = {isa = PBXFileReference; fileEncoding = 4; lastKnownFileType = sourcecode.c.objc; path = OOSetupView.m; sourceTree = "<group>"; };
		1C50F8EF1574D50D0082F57C /* OOSetupWindow.xib */ = {isa = PBXFileReference; fileEncoding = 4; lastKnownFileType = file.xib; path = OOSetupWindow.xib; sourceTree = "<group>"; };
		1C50F8F71574EE030082F57C /* setup-bg.png */ = {isa = PBXFileReference; lastKnownFileType = image.png; path = "setup-bg.png"; sourceTree = "<group>"; };
		1C50F8FC1574F3040082F57C /* OOPreferencesWindowController.h */ = {isa = PBXFileReference; fileEncoding = 4; lastKnownFileType = sourcecode.c.h; path = OOPreferencesWindowController.h; sourceTree = "<group>"; };
		1C74C3241598713B009210AC /* OOSetupWindowController.h */ = {isa = PBXFileReference; fileEncoding = 4; lastKnownFileType = sourcecode.c.h; path = OOSetupWindowController.h; sourceTree = "<group>"; };
		1C74C3251598713B009210AC /* OOSetupWindowController.m */ = {isa = PBXFileReference; fileEncoding = 4; lastKnownFileType = sourcecode.c.objc; path = OOSetupWindowController.m; sourceTree = "<group>"; };
		1C7862C51566919800F7D2F5 /* infinite-app-icon.icns */ = {isa = PBXFileReference; lastKnownFileType = image.icns; path = "infinite-app-icon.icns"; sourceTree = "<group>"; };
		1C7862C91566919800F7D2F5 /* 1.png */ = {isa = PBXFileReference; lastKnownFileType = image.png; path = 1.png; sourceTree = "<group>"; };
		1C7862CA1566919800F7D2F5 /* 10.png */ = {isa = PBXFileReference; lastKnownFileType = image.png; path = 10.png; sourceTree = "<group>"; };
		1C7862CB1566919800F7D2F5 /* 11.png */ = {isa = PBXFileReference; lastKnownFileType = image.png; path = 11.png; sourceTree = "<group>"; };
		1C7862CC1566919800F7D2F5 /* 12.png */ = {isa = PBXFileReference; lastKnownFileType = image.png; path = 12.png; sourceTree = "<group>"; };
		1C7862CD1566919800F7D2F5 /* 13.png */ = {isa = PBXFileReference; lastKnownFileType = image.png; path = 13.png; sourceTree = "<group>"; };
		1C7862CE1566919800F7D2F5 /* 14.png */ = {isa = PBXFileReference; lastKnownFileType = image.png; path = 14.png; sourceTree = "<group>"; };
		1C7862CF1566919800F7D2F5 /* 15.png */ = {isa = PBXFileReference; lastKnownFileType = image.png; path = 15.png; sourceTree = "<group>"; };
		1C7862D01566919800F7D2F5 /* 16.png */ = {isa = PBXFileReference; lastKnownFileType = image.png; path = 16.png; sourceTree = "<group>"; };
		1C7862D11566919800F7D2F5 /* 17.png */ = {isa = PBXFileReference; lastKnownFileType = image.png; path = 17.png; sourceTree = "<group>"; };
		1C7862D21566919800F7D2F5 /* 18.png */ = {isa = PBXFileReference; lastKnownFileType = image.png; path = 18.png; sourceTree = "<group>"; };
		1C7862D31566919800F7D2F5 /* 2.png */ = {isa = PBXFileReference; lastKnownFileType = image.png; path = 2.png; sourceTree = "<group>"; };
		1C7862D41566919800F7D2F5 /* 3.png */ = {isa = PBXFileReference; lastKnownFileType = image.png; path = 3.png; sourceTree = "<group>"; };
		1C7862D51566919800F7D2F5 /* 4.png */ = {isa = PBXFileReference; lastKnownFileType = image.png; path = 4.png; sourceTree = "<group>"; };
		1C7862D61566919800F7D2F5 /* 5.png */ = {isa = PBXFileReference; lastKnownFileType = image.png; path = 5.png; sourceTree = "<group>"; };
		1C7862D71566919800F7D2F5 /* 6.png */ = {isa = PBXFileReference; lastKnownFileType = image.png; path = 6.png; sourceTree = "<group>"; };
		1C7862D81566919800F7D2F5 /* 7.png */ = {isa = PBXFileReference; lastKnownFileType = image.png; path = 7.png; sourceTree = "<group>"; };
		1C7862D91566919800F7D2F5 /* 8.png */ = {isa = PBXFileReference; lastKnownFileType = image.png; path = 8.png; sourceTree = "<group>"; };
		1C7862DA1566919800F7D2F5 /* 9.png */ = {isa = PBXFileReference; lastKnownFileType = image.png; path = 9.png; sourceTree = "<group>"; };
		1C7863011566919800F7D2F5 /* 19px-active.png */ = {isa = PBXFileReference; lastKnownFileType = image.png; path = "19px-active.png"; sourceTree = "<group>"; };
		1C7863021566919800F7D2F5 /* 19px-inactive.png */ = {isa = PBXFileReference; lastKnownFileType = image.png; path = "19px-inactive.png"; sourceTree = "<group>"; };
		1C7863031566919800F7D2F5 /* 19px-notification-blue.png */ = {isa = PBXFileReference; lastKnownFileType = image.png; path = "19px-notification-blue.png"; sourceTree = "<group>"; };
		1C7863041566919800F7D2F5 /* 19px-notification-red.png */ = {isa = PBXFileReference; lastKnownFileType = image.png; path = "19px-notification-red.png"; sourceTree = "<group>"; };
		1C7863051566919800F7D2F5 /* 19px-pending-anim-black.gif */ = {isa = PBXFileReference; lastKnownFileType = image.gif; path = "19px-pending-anim-black.gif"; sourceTree = "<group>"; };
		1C7863061566919800F7D2F5 /* 19px-pending-anim-blue.gif */ = {isa = PBXFileReference; lastKnownFileType = image.gif; path = "19px-pending-anim-blue.gif"; sourceTree = "<group>"; };
		1C7863071566919800F7D2F5 /* 19px-pending-anim-red.gif */ = {isa = PBXFileReference; lastKnownFileType = image.gif; path = "19px-pending-anim-red.gif"; sourceTree = "<group>"; };
		1C8C74B7159894A6002A14A8 /* NSString+Hashes.h */ = {isa = PBXFileReference; fileEncoding = 4; lastKnownFileType = sourcecode.c.h; path = "NSString+Hashes.h"; sourceTree = "<group>"; };
		1C8C74B8159894A6002A14A8 /* NSString+Hashes.m */ = {isa = PBXFileReference; fileEncoding = 4; lastKnownFileType = sourcecode.c.objc; path = "NSString+Hashes.m"; sourceTree = "<group>"; };
		1C9B30BD15529790001EA6EA /* Cocoa.framework */ = {isa = PBXFileReference; lastKnownFileType = wrapper.framework; name = Cocoa.framework; path = System/Library/Frameworks/Cocoa.framework; sourceTree = SDKROOT; };
		1C9B30BF15529790001EA6EA /* PreferencePanes.framework */ = {isa = PBXFileReference; lastKnownFileType = wrapper.framework; name = PreferencePanes.framework; path = System/Library/Frameworks/PreferencePanes.framework; sourceTree = SDKROOT; };
		1C9B30C215529790001EA6EA /* AppKit.framework */ = {isa = PBXFileReference; lastKnownFileType = wrapper.framework; name = AppKit.framework; path = System/Library/Frameworks/AppKit.framework; sourceTree = SDKROOT; };
		1C9B30C315529790001EA6EA /* CoreData.framework */ = {isa = PBXFileReference; lastKnownFileType = wrapper.framework; name = CoreData.framework; path = System/Library/Frameworks/CoreData.framework; sourceTree = SDKROOT; };
		1C9B30C415529790001EA6EA /* Foundation.framework */ = {isa = PBXFileReference; lastKnownFileType = wrapper.framework; name = Foundation.framework; path = System/Library/Frameworks/Foundation.framework; sourceTree = SDKROOT; };
		1CB3FF7C15946D2400CFDBA7 /* phone.xcodeproj */ = {isa = PBXFileReference; lastKnownFileType = "wrapper.pb-project"; name = phone.xcodeproj; path = phone/phone.xcodeproj; sourceTree = "<group>"; };
		1CB3FFA01594AF8300CFDBA7 /* infinit-setup.png */ = {isa = PBXFileReference; lastKnownFileType = image.png; path = "infinit-setup.png"; sourceTree = "<group>"; };
		1CC9FCB3157CD4DC002C3BE1 /* AddressBook.framework */ = {isa = PBXFileReference; lastKnownFileType = wrapper.framework; name = AddressBook.framework; path = System/Library/Frameworks/AddressBook.framework; sourceTree = SDKROOT; };
		1CD2BB2615CFD3920081FE59 /* OOEnvironmentVar.h */ = {isa = PBXFileReference; fileEncoding = 4; lastKnownFileType = sourcecode.c.h; path = OOEnvironmentVar.h; sourceTree = "<group>"; };
		1CD2BB2715CFD3920081FE59 /* OOEnvironmentVar.m */ = {isa = PBXFileReference; fileEncoding = 4; lastKnownFileType = sourcecode.c.objc; path = OOEnvironmentVar.m; sourceTree = "<group>"; };
		1CD2BBCD15D0034F0081FE59 /* medecine.xcodeproj */ = {isa = PBXFileReference; lastKnownFileType = "wrapper.pb-project"; name = medecine.xcodeproj; path = medecine/medecine.xcodeproj; sourceTree = "<group>"; };
		1CD332EA1553E13F00930842 /* infinite-app-icon.icns */ = {isa = PBXFileReference; lastKnownFileType = image.icns; path = "infinite-app-icon.icns"; sourceTree = "<group>"; };
		1CD5C44B1552A80C00556CC9 /* OOPreferencesWindows.xib */ = {isa = PBXFileReference; fileEncoding = 4; lastKnownFileType = file.xib; path = OOPreferencesWindows.xib; sourceTree = "<group>"; };
		1CD5C44E1552AFCB00556CC9 /* OOPreferencesWindowController.m */ = {isa = PBXFileReference; fileEncoding = 4; lastKnownFileType = sourcecode.c.objc; path = OOPreferencesWindowController.m; sourceTree = "<group>"; };
		1CD5C4591552EC9200556CC9 /* pref_tab_conversions.png */ = {isa = PBXFileReference; lastKnownFileType = image.png; path = pref_tab_conversions.png; sourceTree = "<group>"; };
		1CD5C45A1552EC9200556CC9 /* pref_tab_disk_space.png */ = {isa = PBXFileReference; lastKnownFileType = image.png; path = pref_tab_disk_space.png; sourceTree = "<group>"; };
		1CD5C45B1552EC9200556CC9 /* pref_tab_downloads.png */ = {isa = PBXFileReference; lastKnownFileType = image.png; path = pref_tab_downloads.png; sourceTree = "<group>"; };
		1CD5C45C1552EC9200556CC9 /* pref_tab_extensions.png */ = {isa = PBXFileReference; lastKnownFileType = image.png; path = pref_tab_extensions.png; sourceTree = "<group>"; };
		1CD5C45D1552EC9200556CC9 /* pref_tab_feeds.png */ = {isa = PBXFileReference; lastKnownFileType = image.png; path = pref_tab_feeds.png; sourceTree = "<group>"; };
		1CD5C45E1552EC9200556CC9 /* pref_tab_folders.png */ = {isa = PBXFileReference; lastKnownFileType = image.png; path = pref_tab_folders.png; sourceTree = "<group>"; };
		1CD5C45F1552EC9200556CC9 /* pref_tab_general.png */ = {isa = PBXFileReference; lastKnownFileType = image.png; path = pref_tab_general.png; sourceTree = "<group>"; };
		1CD5C4601552EC9200556CC9 /* pref_tab_playback.png */ = {isa = PBXFileReference; lastKnownFileType = image.png; path = pref_tab_playback.png; sourceTree = "<group>"; };
		1CD5C4611552EC9200556CC9 /* pref_tab_sharing.png */ = {isa = PBXFileReference; lastKnownFileType = image.png; path = pref_tab_sharing.png; sourceTree = "<group>"; };
		1CD5C4621552EC9200556CC9 /* pref_tab_stores.png */ = {isa = PBXFileReference; lastKnownFileType = image.png; path = pref_tab_stores.png; sourceTree = "<group>"; };
		1CDA370915D00A170078C963 /* fuse4x.bundle */ = {isa = PBXFileReference; lastKnownFileType = "wrapper.plug-in"; path = fuse4x.bundle; sourceTree = "<group>"; };
		1CDABDA115502B3200F8097E /* infinite-app-icon.icns */ = {isa = PBXFileReference; lastKnownFileType = image.icns; name = "infinite-app-icon.icns"; path = "icons/infinite-app-icon.icns"; sourceTree = "<group>"; };
		1CF9868115EB8E700095C264 /* ResourceRules.plist */ = {isa = PBXFileReference; fileEncoding = 4; lastKnownFileType = text.plist.xml; path = ResourceRules.plist; sourceTree = "<group>"; };
		362A33E4150B6ED000D92151 /* Infinit.app */ = {isa = PBXFileReference; explicitFileType = wrapper.application; includeInIndex = 0; path = Infinit.app; sourceTree = BUILT_PRODUCTS_DIR; };
		367B0EB714FFB6F100AC66A2 /* Security.framework */ = {isa = PBXFileReference; lastKnownFileType = wrapper.framework; name = Security.framework; path = System/Library/Frameworks/Security.framework; sourceTree = SDKROOT; };
		367B0EBA14FFB70200AC66A2 /* ServiceManagement.framework */ = {isa = PBXFileReference; lastKnownFileType = wrapper.framework; name = ServiceManagement.framework; path = System/Library/Frameworks/ServiceManagement.framework; sourceTree = SDKROOT; };
/* End PBXFileReference section */

/* Begin PBXFrameworksBuildPhase section */
		362A33E1150B6ED000D92151 /* Frameworks */ = {
			isa = PBXFrameworksBuildPhase;
			buildActionMask = 2147483647;
			files = (
				1C695E1E15CA837300533738 /* Phone.framework in Frameworks */,
				1CD3B88315C95E8300F28469 /* FinderPanel.framework in Frameworks */,
				1CAB4C9215B83E04005CD6FC /* Security.framework in Frameworks */,
				1CC9FCB4157CD4DC002C3BE1 /* AddressBook.framework in Frameworks */,
				1C03F3381575265B00966EC3 /* QuartzCore.framework in Frameworks */,
				1CD5C4411552989B00556CC9 /* Cocoa.framework in Frameworks */,
				3667200E150BE370002A595A /* ServiceManagement.framework in Frameworks */,
			);
			runOnlyForDeploymentPostprocessing = 0;
		};
/* End PBXFrameworksBuildPhase section */

/* Begin PBXGroup section */
		1C45EE44152AECAB00EFB356 /* field */ = {
			isa = PBXGroup;
			children = (
				1C45EE45152AECAB00EFB356 /* MainMenu.xib */,
				1C45EE4C152AECAB00EFB356 /* main.m */,
				1C45EE4D152AECAB00EFB356 /* AppDelegate.h */,
				1C45EE4E152AECAB00EFB356 /* AppDelegate.m */,
				1C5F38CB1574C44900B8B7DC /* setup */,
				1CD5C44A1552A7DC00556CC9 /* preferences */,
				1C45EE47152AECAB00EFB356 /* helpers */,
				1C45EE4F152AECAB00EFB356 /* ressources */,
				1C45EE54152AECAB00EFB356 /* supportingFiles */,
			);
			path = field;
			sourceTree = "<group>";
		};
		1C45EE47152AECAB00EFB356 /* helpers */ = {
			isa = PBXGroup;
			children = (
				1C437383156A95DF00A7FFD5 /* OONurseManager.h */,
				1C45EE48152AECAB00EFB356 /* OOInjectorHelper.h */,
				1C45EE49152AECAB00EFB356 /* OOInjectorHelper.m */,
				1C8C74B7159894A6002A14A8 /* NSString+Hashes.h */,
				1C8C74B8159894A6002A14A8 /* NSString+Hashes.m */,
				1CD2BB2615CFD3920081FE59 /* OOEnvironmentVar.h */,
				1CD2BB2715CFD3920081FE59 /* OOEnvironmentVar.m */,
			);
			path = helpers;
			sourceTree = "<group>";
		};
		1C45EE4F152AECAB00EFB356 /* ressources */ = {
			isa = PBXGroup;
			children = (
				1CDA370915D00A170078C963 /* fuse4x.bundle */,
				1C50F8F61574EE030082F57C /* setup */,
				1C7862C41566919800F7D2F5 /* icons */,
				1CD5C4581552EC9200556CC9 /* prefpane */,
				1CDABDA115502B3200F8097E /* infinite-app-icon.icns */,
			);
			path = ressources;
			sourceTree = "<group>";
		};
		1C45EE54152AECAB00EFB356 /* supportingFiles */ = {
			isa = PBXGroup;
			children = (
				1C45EE55152AECAB00EFB356 /* Infinit-Info.plist */,
			);
			path = supportingFiles;
			sourceTree = "<group>";
		};
		1C4858F415B55C75003ED64A /* Products */ = {
			isa = PBXGroup;
			children = (
				1C4858FA15B55C76003ED64A /* FinderPanelApp.app */,
				1C4858FC15B55C76003ED64A /* FinderPanelTests.octest */,
				1C48593E15B569C0003ED64A /* FinderPanel.framework */,
			);
			name = Products;
			sourceTree = "<group>";
		};
		1C50F8F61574EE030082F57C /* setup */ = {
			isa = PBXGroup;
			children = (
				1CB3FFA01594AF8300CFDBA7 /* infinit-setup.png */,
				1C50F8F71574EE030082F57C /* setup-bg.png */,
			);
			path = setup;
			sourceTree = "<group>";
		};
		1C5F38CB1574C44900B8B7DC /* setup */ = {
			isa = PBXGroup;
			children = (
				1C50F8ED1574D50D0082F57C /* OOSetupView.h */,
				1C50F8EE1574D50D0082F57C /* OOSetupView.m */,
				1C50F8EF1574D50D0082F57C /* OOSetupWindow.xib */,
				1C03F3341575154200966EC3 /* OOSetupWindowDelegate.h */,
				1C03F3351575154200966EC3 /* OOSetupWindowDelegate.m */,
				1C74C3241598713B009210AC /* OOSetupWindowController.h */,
				1C74C3251598713B009210AC /* OOSetupWindowController.m */,
			);
			path = setup;
			sourceTree = "<group>";
		};
		1C7862C41566919800F7D2F5 /* icons */ = {
			isa = PBXGroup;
			children = (
				1C7862C51566919800F7D2F5 /* infinite-app-icon.icns */,
				1C7862C71566919800F7D2F5 /* toolbarIcon */,
			);
			path = icons;
			sourceTree = "<group>";
		};
		1C7862C71566919800F7D2F5 /* toolbarIcon */ = {
			isa = PBXGroup;
			children = (
				1C7862C81566919800F7D2F5 /* 19px - Animation - black */,
				1C7863011566919800F7D2F5 /* 19px-active.png */,
				1C7863021566919800F7D2F5 /* 19px-inactive.png */,
				1C7863031566919800F7D2F5 /* 19px-notification-blue.png */,
				1C7863041566919800F7D2F5 /* 19px-notification-red.png */,
				1C7863051566919800F7D2F5 /* 19px-pending-anim-black.gif */,
				1C7863061566919800F7D2F5 /* 19px-pending-anim-blue.gif */,
				1C7863071566919800F7D2F5 /* 19px-pending-anim-red.gif */,
			);
			path = toolbarIcon;
			sourceTree = "<group>";
		};
		1C7862C81566919800F7D2F5 /* 19px - Animation - black */ = {
			isa = PBXGroup;
			children = (
				1C7862C91566919800F7D2F5 /* 1.png */,
				1C7862CA1566919800F7D2F5 /* 10.png */,
				1C7862CB1566919800F7D2F5 /* 11.png */,
				1C7862CC1566919800F7D2F5 /* 12.png */,
				1C7862CD1566919800F7D2F5 /* 13.png */,
				1C7862CE1566919800F7D2F5 /* 14.png */,
				1C7862CF1566919800F7D2F5 /* 15.png */,
				1C7862D01566919800F7D2F5 /* 16.png */,
				1C7862D11566919800F7D2F5 /* 17.png */,
				1C7862D21566919800F7D2F5 /* 18.png */,
				1C7862D31566919800F7D2F5 /* 2.png */,
				1C7862D41566919800F7D2F5 /* 3.png */,
				1C7862D51566919800F7D2F5 /* 4.png */,
				1C7862D61566919800F7D2F5 /* 5.png */,
				1C7862D71566919800F7D2F5 /* 6.png */,
				1C7862D81566919800F7D2F5 /* 7.png */,
				1C7862D91566919800F7D2F5 /* 8.png */,
				1C7862DA1566919800F7D2F5 /* 9.png */,
			);
			path = "19px - Animation - black";
			sourceTree = "<group>";
		};
		1C9B30BC15529790001EA6EA /* Frameworks */ = {
			isa = PBXGroup;
			children = (
				1CC9FCB3157CD4DC002C3BE1 /* AddressBook.framework */,
				1C03F3371575265B00966EC3 /* QuartzCore.framework */,
				367B0EB714FFB6F100AC66A2 /* Security.framework */,
				367B0EBA14FFB70200AC66A2 /* ServiceManagement.framework */,
				1C9B30BD15529790001EA6EA /* Cocoa.framework */,
				1C9B30BF15529790001EA6EA /* PreferencePanes.framework */,
				1C9B30C115529790001EA6EA /* Other Frameworks */,
			);
			name = Frameworks;
			sourceTree = "<group>";
		};
		1C9B30C115529790001EA6EA /* Other Frameworks */ = {
			isa = PBXGroup;
			children = (
				1C9B30C215529790001EA6EA /* AppKit.framework */,
				1C9B30C315529790001EA6EA /* CoreData.framework */,
				1C9B30C415529790001EA6EA /* Foundation.framework */,
			);
			name = "Other Frameworks";
			sourceTree = "<group>";
		};
		1CB3FF7D15946D2400CFDBA7 /* Products */ = {
			isa = PBXGroup;
			children = (
				1CB3FF8215946D2400CFDBA7 /* Phone.framework */,
				1CB3FF8415946D2400CFDBA7 /* phoneTests.octest */,
			);
			name = Products;
			sourceTree = "<group>";
		};
		1CD2BBCE15D0034F0081FE59 /* Products */ = {
			isa = PBXGroup;
			children = (
				1CD2BBDA15D0034F0081FE59 /* io.infinit.Nurse.helper */,
			);
			name = Products;
			sourceTree = "<group>";
		};
		1CD5C44A1552A7DC00556CC9 /* preferences */ = {
			isa = PBXGroup;
			children = (
				1CD5C44B1552A80C00556CC9 /* OOPreferencesWindows.xib */,
				1C50F8FC1574F3040082F57C /* OOPreferencesWindowController.h */,
				1CD5C44E1552AFCB00556CC9 /* OOPreferencesWindowController.m */,
			);
			path = preferences;
			sourceTree = "<group>";
		};
		1CD5C4581552EC9200556CC9 /* prefpane */ = {
			isa = PBXGroup;
			children = (
				1CD5C4591552EC9200556CC9 /* pref_tab_conversions.png */,
				1CD5C45A1552EC9200556CC9 /* pref_tab_disk_space.png */,
				1CD5C45B1552EC9200556CC9 /* pref_tab_downloads.png */,
				1CD5C45C1552EC9200556CC9 /* pref_tab_extensions.png */,
				1CD5C45D1552EC9200556CC9 /* pref_tab_feeds.png */,
				1CD5C45E1552EC9200556CC9 /* pref_tab_folders.png */,
				1CD5C45F1552EC9200556CC9 /* pref_tab_general.png */,
				1CD5C4601552EC9200556CC9 /* pref_tab_playback.png */,
				1CD5C4611552EC9200556CC9 /* pref_tab_sharing.png */,
				1CD5C4621552EC9200556CC9 /* pref_tab_stores.png */,
			);
			path = prefpane;
			sourceTree = "<group>";
		};
		36E9F8AB14FF7DE7000B9C12 = {
			isa = PBXGroup;
			children = (
				1CF9868115EB8E700095C264 /* ResourceRules.plist */,
				1CD2BBCD15D0034F0081FE59 /* medecine.xcodeproj */,
				1CD332EA1553E13F00930842 /* infinite-app-icon.icns */,
				1C4858F315B55C75003ED64A /* FinderPanel.xcodeproj */,
				1CB3FF7C15946D2400CFDBA7 /* phone.xcodeproj */,
				1C45EE44152AECAB00EFB356 /* field */,
				1C9B30BC15529790001EA6EA /* Frameworks */,
				36E9F8B714FF7DE8000B9C12 /* products */,
			);
			sourceTree = "<group>";
		};
		36E9F8B714FF7DE8000B9C12 /* products */ = {
			isa = PBXGroup;
			children = (
				362A33E4150B6ED000D92151 /* Infinit.app */,
			);
			name = products;
			sourceTree = "<group>";
		};
/* End PBXGroup section */

/* Begin PBXNativeTarget section */
		362A33E3150B6ED000D92151 /* Infinit */ = {
			isa = PBXNativeTarget;
			buildConfigurationList = 362A33FA150B6ED000D92151 /* Build configuration list for PBXNativeTarget "Infinit" */;
			buildPhases = (
				362A33E0150B6ED000D92151 /* Sources */,
				362A33E1150B6ED000D92151 /* Frameworks */,
				362A33E2150B6ED000D92151 /* Resources */,
				362A3405150B6F8D00D92151 /* CopyFiles */,
				362A3408150B6FED00D92151 /* CopyFiles */,
				1CD2BBF415D006A40081FE59 /* CopyFiles */,
			);
			buildRules = (
			);
			dependencies = (
				1CD2BBDD15D003A40081FE59 /* PBXTargetDependency */,
				1C8BBA1B15CA7E5400E8E1DC /* PBXTargetDependency */,
				1C48594115B569CA003ED64A /* PBXTargetDependency */,
			);
			name = Infinit;
			productName = Infinit;
			productReference = 362A33E4150B6ED000D92151 /* Infinit.app */;
			productType = "com.apple.product-type.application";
		};
/* End PBXNativeTarget section */

/* Begin PBXProject section */
		36E9F8AD14FF7DE7000B9C12 /* Project object */ = {
			isa = PBXProject;
			attributes = {
				CLASSPREFIX = OO;
				LastUpgradeCheck = 0430;
			};
			buildConfigurationList = 36E9F8B014FF7DE7000B9C12 /* Build configuration list for PBXProject "Surface" */;
			compatibilityVersion = "Xcode 3.2";
			developmentRegion = English;
			hasScannedForEncodings = 0;
			knownRegions = (
				en,
			);
			mainGroup = 36E9F8AB14FF7DE7000B9C12;
			productRefGroup = 36E9F8B714FF7DE8000B9C12 /* products */;
			projectDirPath = "";
			projectReferences = (
				{
					ProductGroup = 1C4858F415B55C75003ED64A /* Products */;
					ProjectRef = 1C4858F315B55C75003ED64A /* FinderPanel.xcodeproj */;
				},
				{
					ProductGroup = 1CD2BBCE15D0034F0081FE59 /* Products */;
					ProjectRef = 1CD2BBCD15D0034F0081FE59 /* medecine.xcodeproj */;
				},
				{
					ProductGroup = 1CB3FF7D15946D2400CFDBA7 /* Products */;
					ProjectRef = 1CB3FF7C15946D2400CFDBA7 /* phone.xcodeproj */;
				},
			);
			projectRoot = "";
			targets = (
				362A33E3150B6ED000D92151 /* Infinit */,
			);
		};
/* End PBXProject section */

/* Begin PBXReferenceProxy section */
		1C4858FA15B55C76003ED64A /* FinderPanelApp.app */ = {
			isa = PBXReferenceProxy;
			fileType = wrapper.application;
			path = FinderPanelApp.app;
			remoteRef = 1C4858F915B55C76003ED64A /* PBXContainerItemProxy */;
			sourceTree = BUILT_PRODUCTS_DIR;
		};
		1C4858FC15B55C76003ED64A /* FinderPanelTests.octest */ = {
			isa = PBXReferenceProxy;
			fileType = wrapper.cfbundle;
			path = FinderPanelTests.octest;
			remoteRef = 1C4858FB15B55C76003ED64A /* PBXContainerItemProxy */;
			sourceTree = BUILT_PRODUCTS_DIR;
		};
		1C48593E15B569C0003ED64A /* FinderPanel.framework */ = {
			isa = PBXReferenceProxy;
			fileType = wrapper.framework;
			path = FinderPanel.framework;
			remoteRef = 1C48593D15B569C0003ED64A /* PBXContainerItemProxy */;
			sourceTree = BUILT_PRODUCTS_DIR;
		};
		1CB3FF8215946D2400CFDBA7 /* Phone.framework */ = {
			isa = PBXReferenceProxy;
			fileType = wrapper.framework;
			path = Phone.framework;
			remoteRef = 1CB3FF8115946D2400CFDBA7 /* PBXContainerItemProxy */;
			sourceTree = BUILT_PRODUCTS_DIR;
		};
		1CB3FF8415946D2400CFDBA7 /* phoneTests.octest */ = {
			isa = PBXReferenceProxy;
			fileType = wrapper.cfbundle;
			path = phoneTests.octest;
			remoteRef = 1CB3FF8315946D2400CFDBA7 /* PBXContainerItemProxy */;
			sourceTree = BUILT_PRODUCTS_DIR;
		};
		1CD2BBDA15D0034F0081FE59 /* io.infinit.Nurse.helper */ = {
			isa = PBXReferenceProxy;
			fileType = "compiled.mach-o.executable";
			path = io.infinit.Nurse.helper;
			remoteRef = 1CD2BBD915D0034F0081FE59 /* PBXContainerItemProxy */;
			sourceTree = BUILT_PRODUCTS_DIR;
		};
/* End PBXReferenceProxy section */

/* Begin PBXResourcesBuildPhase section */
		362A33E2150B6ED000D92151 /* Resources */ = {
			isa = PBXResourcesBuildPhase;
			buildActionMask = 2147483647;
			files = (
				1CC381E715669DB200EA4FAB /* 1.png in Resources */,
				1CC381E815669DB200EA4FAB /* 10.png in Resources */,
				1CC381E915669DB200EA4FAB /* 11.png in Resources */,
				1CC381EA15669DB200EA4FAB /* 12.png in Resources */,
				1CC381EB15669DB200EA4FAB /* 13.png in Resources */,
				1CC381EC15669DB200EA4FAB /* 14.png in Resources */,
				1CC381ED15669DB200EA4FAB /* 15.png in Resources */,
				1CC381EE15669DB200EA4FAB /* 16.png in Resources */,
				1CC381EF15669DB200EA4FAB /* 17.png in Resources */,
				1CC381F015669DB200EA4FAB /* 18.png in Resources */,
				1CC381F115669DB200EA4FAB /* 2.png in Resources */,
				1CC381F215669DB200EA4FAB /* 3.png in Resources */,
				1CC381F315669DB200EA4FAB /* 4.png in Resources */,
				1CC381F415669DB200EA4FAB /* 5.png in Resources */,
				1CC381F515669DB200EA4FAB /* 6.png in Resources */,
				1CC381F615669DB200EA4FAB /* 7.png in Resources */,
				1CC381F715669DB200EA4FAB /* 8.png in Resources */,
				1CC381F815669DB200EA4FAB /* 9.png in Resources */,
				1C45EE56152AECAB00EFB356 /* MainMenu.xib in Resources */,
				1CDABDA315502B3200F8097E /* infinite-app-icon.icns in Resources */,
				1CD5C44C1552A80C00556CC9 /* OOPreferencesWindows.xib in Resources */,
				1CD5C4631552EC9200556CC9 /* pref_tab_conversions.png in Resources */,
				1CD5C4641552EC9200556CC9 /* pref_tab_disk_space.png in Resources */,
				1CD5C4651552EC9200556CC9 /* pref_tab_downloads.png in Resources */,
				1CD5C4661552EC9200556CC9 /* pref_tab_extensions.png in Resources */,
				1CD5C4671552EC9200556CC9 /* pref_tab_feeds.png in Resources */,
				1CD5C4681552EC9200556CC9 /* pref_tab_folders.png in Resources */,
				1CD5C4691552EC9200556CC9 /* pref_tab_general.png in Resources */,
				1CD5C46A1552EC9200556CC9 /* pref_tab_playback.png in Resources */,
				1CD5C46B1552EC9200556CC9 /* pref_tab_sharing.png in Resources */,
				1CD5C46C1552EC9200556CC9 /* pref_tab_stores.png in Resources */,
				1CD332EB1553E13F00930842 /* infinite-app-icon.icns in Resources */,
				1C7863081566919800F7D2F5 /* infinite-app-icon.icns in Resources */,
				1C7863401566919800F7D2F5 /* 19px-active.png in Resources */,
				1C7863411566919800F7D2F5 /* 19px-inactive.png in Resources */,
				1C7863421566919800F7D2F5 /* 19px-notification-blue.png in Resources */,
				1C7863431566919800F7D2F5 /* 19px-notification-red.png in Resources */,
				1C7863441566919800F7D2F5 /* 19px-pending-anim-black.gif in Resources */,
				1C7863451566919800F7D2F5 /* 19px-pending-anim-blue.gif in Resources */,
				1C7863461566919800F7D2F5 /* 19px-pending-anim-red.gif in Resources */,
				1C50F8F11574D50D0082F57C /* OOSetupWindow.xib in Resources */,
				1C50F8F81574EE030082F57C /* setup-bg.png in Resources */,
				1CB3FFA11594AF8300CFDBA7 /* infinit-setup.png in Resources */,
				1CF9868215EB8E700095C264 /* ResourceRules.plist in Resources */,
			);
			runOnlyForDeploymentPostprocessing = 0;
		};
/* End PBXResourcesBuildPhase section */

/* Begin PBXSourcesBuildPhase section */
		362A33E0150B6ED000D92151 /* Sources */ = {
			isa = PBXSourcesBuildPhase;
			buildActionMask = 2147483647;
			files = (
				1C45EE59152AECAB00EFB356 /* main.m in Sources */,
				1C45EE5A152AECAB00EFB356 /* AppDelegate.m in Sources */,
				1CD5C44F1552AFCB00556CC9 /* OOPreferencesWindowController.m in Sources */,
				1C50F8F01574D50D0082F57C /* OOSetupView.m in Sources */,
				1C03F3361575154200966EC3 /* OOSetupWindowDelegate.m in Sources */,
				1C74C3261598713B009210AC /* OOSetupWindowController.m in Sources */,
				1CD2BB2815CFD3920081FE59 /* OOEnvironmentVar.m in Sources */,
				1CDA370B15D00CEA0078C963 /* OOInjectorHelper.m in Sources */,
			);
			runOnlyForDeploymentPostprocessing = 0;
		};
/* End PBXSourcesBuildPhase section */

/* Begin PBXTargetDependency section */
		1C48594115B569CA003ED64A /* PBXTargetDependency */ = {
			isa = PBXTargetDependency;
			name = FinderPanel;
			targetProxy = 1C48594015B569CA003ED64A /* PBXContainerItemProxy */;
		};
		1C8BBA1B15CA7E5400E8E1DC /* PBXTargetDependency */ = {
			isa = PBXTargetDependency;
			name = Phone;
			targetProxy = 1C8BBA1A15CA7E5400E8E1DC /* PBXContainerItemProxy */;
		};
		1CD2BBDD15D003A40081FE59 /* PBXTargetDependency */ = {
			isa = PBXTargetDependency;
			name = Nurse;
			targetProxy = 1CD2BBDC15D003A40081FE59 /* PBXContainerItemProxy */;
		};
/* End PBXTargetDependency section */

/* Begin PBXVariantGroup section */
		1C45EE45152AECAB00EFB356 /* MainMenu.xib */ = {
			isa = PBXVariantGroup;
			children = (
				1C45EE46152AECAB00EFB356 /* en */,
			);
			name = MainMenu.xib;
			sourceTree = "<group>";
		};
/* End PBXVariantGroup section */

/* Begin XCBuildConfiguration section */
		362A33FB150B6ED000D92151 /* Debug */ = {
			isa = XCBuildConfiguration;
			buildSettings = {
				ALWAYS_SEARCH_USER_PATHS = NO;
				ARCHS = "$(ARCHS_STANDARD_64_BIT)";
				CODE_SIGN_IDENTITY = "Developer ID Application: infinit.io";
				CODE_SIGN_RESOURCE_RULES_PATH = ResourceRules.plist;
				DEBUG_INFORMATION_FORMAT = dwarf;
				FRAMEWORK_SEARCH_PATHS = (
					"$(inherited)",
					"\"$(SRCROOT)/..\"",
					"\"$(SRCROOT)/../../build/macosx64/surface/macosx/Release\"",
					"\"$(SRCROOT)/../../../../../Library/Developer/Xcode/DerivedData/Surface-dsztwyginwybdeccplzkjlttngdj/Build/Products/Debug\"",
					"\"$(SRCROOT)/field/ressources/fuse4x/Library/Frameworks\"",
				);
				GCC_PRECOMPILE_PREFIX_HEADER = YES;
				GCC_PREFIX_HEADER = "";
				GCC_VERSION = com.apple.compilers.llvm.clang.1_0;
				IBC_PLUGIN_SEARCH_PATHS = "";
				INFOPLIST_FILE = "field/supportingFiles/Infinit-Info.plist";
				LD_RUNPATH_SEARCH_PATHS = "";
				LIBRARY_SEARCH_PATHS = (
					"$(inherited)",
					"\"$(SRCROOT)/field/ressources/lib\"",
					"\"$(SRCROOT)/../../build/macosx64/surface/gap\"",
					"\"$(SRCROOT)/../../../../../Library/Developer/Xcode/DerivedData/Surface-dsztwyginwybdeccplzkjlttngdj/Build/Products/Debug\"",
					"\"$(SRCROOT)/field/ressources/fuse4x/lib\"",
					"\"$(SRCROOT)/field/ressources/fuse4x/usr/local/lib\"",
				);
				MACOSX_DEPLOYMENT_TARGET = 10.7;
				OBJROOT = "$(SYMROOT)/Intermediates";
				ONLY_ACTIVE_ARCH = YES;
				OTHER_LDFLAGS = "";
				PRODUCT_NAME = "$(TARGET_NAME)";
				PROVISIONING_PROFILE = "";
				SDKROOT = macosx;
				SYMROOT = DerivedData;
				VALID_ARCHS = x86_64;
				WRAPPER_EXTENSION = app;
			};
			name = Debug;
		};
		362A33FC150B6ED000D92151 /* Release */ = {
			isa = XCBuildConfiguration;
			buildSettings = {
				ALWAYS_SEARCH_USER_PATHS = NO;
				ARCHS = "$(ARCHS_STANDARD_64_BIT)";
				CODE_SIGN_IDENTITY = "Developer ID Application: infinit.io";
				CODE_SIGN_RESOURCE_RULES_PATH = ResourceRules.plist;
				CONFIGURATION_BUILD_DIR = "$(BUILD_DIR)";
				DEBUG_INFORMATION_FORMAT = dwarf;
				FRAMEWORK_SEARCH_PATHS = (
					"$(inherited)",
					"\"$(SRCROOT)/..\"",
					"\"$(SRCROOT)/../../build/macosx64/surface/macosx/Release\"",
					"\"$(SRCROOT)/../../../../../Library/Developer/Xcode/DerivedData/Surface-dsztwyginwybdeccplzkjlttngdj/Build/Products/Debug\"",
					"\"$(SRCROOT)/field/ressources/fuse4x/Library/Frameworks\"",
				);
				GCC_PRECOMPILE_PREFIX_HEADER = YES;
				GCC_PREFIX_HEADER = "";
				GCC_VERSION = com.apple.compilers.llvm.clang.1_0;
				IBC_PLUGIN_SEARCH_PATHS = "";
				INFOPLIST_FILE = "field/supportingFiles/Infinit-Info.plist";
				LD_RUNPATH_SEARCH_PATHS = "";
				LIBRARY_SEARCH_PATHS = (
					"$(inherited)",
					"\"$(SRCROOT)/field/ressources/lib\"",
					"\"$(SRCROOT)/../../build/macosx64/surface/gap\"",
					"\"$(SRCROOT)/../../../../../Library/Developer/Xcode/DerivedData/Surface-dsztwyginwybdeccplzkjlttngdj/Build/Products/Debug\"",
					"\"$(SRCROOT)/field/ressources/fuse4x/lib\"",
					"\"$(SRCROOT)/field/ressources/fuse4x/usr/local/lib\"",
				);
				MACOSX_DEPLOYMENT_TARGET = 10.7;
				OBJROOT = "$(SYMROOT)/Intermediates";
				ONLY_ACTIVE_ARCH = YES;
				OTHER_LDFLAGS = "";
				PRODUCT_NAME = "$(TARGET_NAME)";
				PROVISIONING_PROFILE = "";
				SDKROOT = macosx;
				SYMROOT = DerivedData;
				VALID_ARCHS = x86_64;
				WRAPPER_EXTENSION = app;
			};
			name = Release;
		};
		36E9F8D214FF7DE8000B9C12 /* Debug */ = {
			isa = XCBuildConfiguration;
			buildSettings = {
				ALWAYS_SEARCH_USER_PATHS = NO;
				ARCHS = "$(ARCHS_STANDARD_32_64_BIT)";
				CODE_SIGN_IDENTITY = io.infinit;
				COPY_PHASE_STRIP = NO;
				GCC_C_LANGUAGE_STANDARD = gnu99;
				GCC_DYNAMIC_NO_PIC = NO;
				GCC_ENABLE_OBJC_EXCEPTIONS = YES;
				GCC_OPTIMIZATION_LEVEL = 0;
				GCC_PREPROCESSOR_DEFINITIONS = (
					"DEBUG=1",
					"$(inherited)",
				);
				GCC_SYMBOLS_PRIVATE_EXTERN = NO;
				GCC_VERSION = com.apple.compilers.llvm.clang.1_0;
				GCC_WARN_64_TO_32_BIT_CONVERSION = YES;
				GCC_WARN_ABOUT_MISSING_PROTOTYPES = YES;
				GCC_WARN_ABOUT_RETURN_TYPE = YES;
				GCC_WARN_UNUSED_VARIABLE = YES;
				MACOSX_DEPLOYMENT_TARGET = 10.7;
				ONLY_ACTIVE_ARCH = YES;
				PROVISIONING_PROFILE = "";
				SDKROOT = macosx;
				VALID_ARCHS = x86_64;
			};
			name = Debug;
		};
		36E9F8D314FF7DE8000B9C12 /* Release */ = {
			isa = XCBuildConfiguration;
			buildSettings = {
				ALWAYS_SEARCH_USER_PATHS = NO;
				ARCHS = "$(ARCHS_STANDARD_32_64_BIT)";
				CODE_SIGN_IDENTITY = io.infinit;
				COPY_PHASE_STRIP = YES;
				DEBUG_INFORMATION_FORMAT = "dwarf-with-dsym";
				GCC_C_LANGUAGE_STANDARD = gnu99;
				GCC_ENABLE_OBJC_EXCEPTIONS = YES;
				GCC_VERSION = com.apple.compilers.llvm.clang.1_0;
				GCC_WARN_64_TO_32_BIT_CONVERSION = YES;
				GCC_WARN_ABOUT_MISSING_PROTOTYPES = YES;
				GCC_WARN_ABOUT_RETURN_TYPE = YES;
				GCC_WARN_UNUSED_VARIABLE = YES;
				MACOSX_DEPLOYMENT_TARGET = 10.7;
				PROVISIONING_PROFILE = "";
				SDKROOT = macosx;
				VALID_ARCHS = x86_64;
			};
			name = Release;
		};
/* End XCBuildConfiguration section */

/* Begin XCConfigurationList section */
		362A33FA150B6ED000D92151 /* Build configuration list for PBXNativeTarget "Infinit" */ = {
			isa = XCConfigurationList;
			buildConfigurations = (
				362A33FB150B6ED000D92151 /* Debug */,
				362A33FC150B6ED000D92151 /* Release */,
			);
			defaultConfigurationIsVisible = 0;
			defaultConfigurationName = Release;
		};
		36E9F8B014FF7DE7000B9C12 /* Build configuration list for PBXProject "Surface" */ = {
			isa = XCConfigurationList;
			buildConfigurations = (
				36E9F8D214FF7DE8000B9C12 /* Debug */,
				36E9F8D314FF7DE8000B9C12 /* Release */,
			);
			defaultConfigurationIsVisible = 0;
			defaultConfigurationName = Release;
		};
/* End XCConfigurationList section */
	};
	rootObject = 36E9F8AD14FF7DE7000B9C12 /* Project object */;
}
